// !$*UTF8*$!
{
	archiveVersion = 1;
	classes = {
	};
	objectVersion = 50;
	objects = {

/* Begin PBXBuildFile section */
		AB3720EA21E43D3C00302612 /* AppDelegate.swift in Sources */ = {isa = PBXBuildFile; fileRef = AB3720E921E43D3C00302612 /* AppDelegate.swift */; };
		AB3720EC21E43D3C00302612 /* ViewController.swift in Sources */ = {isa = PBXBuildFile; fileRef = AB3720EB21E43D3C00302612 /* ViewController.swift */; };
		AB3720EF21E43D3C00302612 /* Main.storyboard in Resources */ = {isa = PBXBuildFile; fileRef = AB3720ED21E43D3C00302612 /* Main.storyboard */; };
		AB3720F121E43D3E00302612 /* Assets.xcassets in Resources */ = {isa = PBXBuildFile; fileRef = AB3720F021E43D3E00302612 /* Assets.xcassets */; };
		AB3720F421E43D3E00302612 /* LaunchScreen.storyboard in Resources */ = {isa = PBXBuildFile; fileRef = AB3720F221E43D3E00302612 /* LaunchScreen.storyboard */; };
		AB3720FF21E43D3E00302612 /* BigTalkDesignPattenTests.swift in Sources */ = {isa = PBXBuildFile; fileRef = AB3720FE21E43D3E00302612 /* BigTalkDesignPattenTests.swift */; };
		AB37210A21E43D3E00302612 /* BigTalkDesignPattenUITests.swift in Sources */ = {isa = PBXBuildFile; fileRef = AB37210921E43D3E00302612 /* BigTalkDesignPattenUITests.swift */; };
		AB37211C21E43EF200302612 /* Operation.swift in Sources */ = {isa = PBXBuildFile; fileRef = AB37211B21E43EF200302612 /* Operation.swift */; };
		AB37212321E4641C00302612 /* OperationAdd.swift in Sources */ = {isa = PBXBuildFile; fileRef = AB37212221E4641C00302612 /* OperationAdd.swift */; };
		AB37212521E465F100302612 /* OperationSub.swift in Sources */ = {isa = PBXBuildFile; fileRef = AB37212421E465F100302612 /* OperationSub.swift */; };
		AB37212721E4666B00302612 /* OperationMul.swift in Sources */ = {isa = PBXBuildFile; fileRef = AB37212621E4666B00302612 /* OperationMul.swift */; };
		AB37212921E466AC00302612 /* OperationDiv.swift in Sources */ = {isa = PBXBuildFile; fileRef = AB37212821E466AC00302612 /* OperationDiv.swift */; };
		AB37212B21E4680F00302612 /* OperationFactory.swift in Sources */ = {isa = PBXBuildFile; fileRef = AB37212A21E4680F00302612 /* OperationFactory.swift */; };
/* End PBXBuildFile section */

/* Begin PBXContainerItemProxy section */
		AB3720FB21E43D3E00302612 /* PBXContainerItemProxy */ = {
			isa = PBXContainerItemProxy;
			containerPortal = AB3720DE21E43D3C00302612 /* Project object */;
			proxyType = 1;
			remoteGlobalIDString = AB3720E521E43D3C00302612;
			remoteInfo = BigTalkDesignPatten;
		};
		AB37210621E43D3E00302612 /* PBXContainerItemProxy */ = {
			isa = PBXContainerItemProxy;
			containerPortal = AB3720DE21E43D3C00302612 /* Project object */;
			proxyType = 1;
			remoteGlobalIDString = AB3720E521E43D3C00302612;
			remoteInfo = BigTalkDesignPatten;
		};
/* End PBXContainerItemProxy section */

/* Begin PBXFileReference section */
		AB3720E621E43D3C00302612 /* BigTalkDesignPatten.app */ = {isa = PBXFileReference; explicitFileType = wrapper.application; includeInIndex = 0; path = BigTalkDesignPatten.app; sourceTree = BUILT_PRODUCTS_DIR; };
		AB3720E921E43D3C00302612 /* AppDelegate.swift */ = {isa = PBXFileReference; lastKnownFileType = sourcecode.swift; path = AppDelegate.swift; sourceTree = "<group>"; };
		AB3720EB21E43D3C00302612 /* ViewController.swift */ = {isa = PBXFileReference; lastKnownFileType = sourcecode.swift; path = ViewController.swift; sourceTree = "<group>"; };
		AB3720EE21E43D3C00302612 /* Base */ = {isa = PBXFileReference; lastKnownFileType = file.storyboard; name = Base; path = Base.lproj/Main.storyboard; sourceTree = "<group>"; };
		AB3720F021E43D3E00302612 /* Assets.xcassets */ = {isa = PBXFileReference; lastKnownFileType = folder.assetcatalog; path = Assets.xcassets; sourceTree = "<group>"; };
		AB3720F321E43D3E00302612 /* Base */ = {isa = PBXFileReference; lastKnownFileType = file.storyboard; name = Base; path = Base.lproj/LaunchScreen.storyboard; sourceTree = "<group>"; };
		AB3720F521E43D3E00302612 /* Info.plist */ = {isa = PBXFileReference; lastKnownFileType = text.plist.xml; path = Info.plist; sourceTree = "<group>"; };
		AB3720FA21E43D3E00302612 /* BigTalkDesignPattenTests.xctest */ = {isa = PBXFileReference; explicitFileType = wrapper.cfbundle; includeInIndex = 0; path = BigTalkDesignPattenTests.xctest; sourceTree = BUILT_PRODUCTS_DIR; };
		AB3720FE21E43D3E00302612 /* BigTalkDesignPattenTests.swift */ = {isa = PBXFileReference; lastKnownFileType = sourcecode.swift; path = BigTalkDesignPattenTests.swift; sourceTree = "<group>"; };
		AB37210021E43D3E00302612 /* Info.plist */ = {isa = PBXFileReference; lastKnownFileType = text.plist.xml; path = Info.plist; sourceTree = "<group>"; };
		AB37210521E43D3E00302612 /* BigTalkDesignPattenUITests.xctest */ = {isa = PBXFileReference; explicitFileType = wrapper.cfbundle; includeInIndex = 0; path = BigTalkDesignPattenUITests.xctest; sourceTree = BUILT_PRODUCTS_DIR; };
		AB37210921E43D3E00302612 /* BigTalkDesignPattenUITests.swift */ = {isa = PBXFileReference; lastKnownFileType = sourcecode.swift; path = BigTalkDesignPattenUITests.swift; sourceTree = "<group>"; };
		AB37210B21E43D3E00302612 /* Info.plist */ = {isa = PBXFileReference; lastKnownFileType = text.plist.xml; path = Info.plist; sourceTree = "<group>"; };
		AB37211B21E43EF200302612 /* Operation.swift */ = {isa = PBXFileReference; lastKnownFileType = sourcecode.swift; path = Operation.swift; sourceTree = "<group>"; };
		AB37212221E4641C00302612 /* OperationAdd.swift */ = {isa = PBXFileReference; lastKnownFileType = sourcecode.swift; path = OperationAdd.swift; sourceTree = "<group>"; };
		AB37212421E465F100302612 /* OperationSub.swift */ = {isa = PBXFileReference; lastKnownFileType = sourcecode.swift; path = OperationSub.swift; sourceTree = "<group>"; };
		AB37212621E4666B00302612 /* OperationMul.swift */ = {isa = PBXFileReference; lastKnownFileType = sourcecode.swift; path = OperationMul.swift; sourceTree = "<group>"; };
		AB37212821E466AC00302612 /* OperationDiv.swift */ = {isa = PBXFileReference; lastKnownFileType = sourcecode.swift; path = OperationDiv.swift; sourceTree = "<group>"; };
		AB37212A21E4680F00302612 /* OperationFactory.swift */ = {isa = PBXFileReference; lastKnownFileType = sourcecode.swift; path = OperationFactory.swift; sourceTree = "<group>"; };
		ABCB13AD21E4FAD6002AB0D7 /* README.md */ = {isa = PBXFileReference; lastKnownFileType = net.daringfireball.markdown; path = README.md; sourceTree = "<group>"; };
/* End PBXFileReference section */

/* Begin PBXFrameworksBuildPhase section */
		AB3720E321E43D3C00302612 /* Frameworks */ = {
			isa = PBXFrameworksBuildPhase;
			buildActionMask = 2147483647;
			files = (
			);
			runOnlyForDeploymentPostprocessing = 0;
		};
		AB3720F721E43D3E00302612 /* Frameworks */ = {
			isa = PBXFrameworksBuildPhase;
			buildActionMask = 2147483647;
			files = (
			);
			runOnlyForDeploymentPostprocessing = 0;
		};
		AB37210221E43D3E00302612 /* Frameworks */ = {
			isa = PBXFrameworksBuildPhase;
			buildActionMask = 2147483647;
			files = (
			);
			runOnlyForDeploymentPostprocessing = 0;
		};
/* End PBXFrameworksBuildPhase section */

/* Begin PBXGroup section */
		AB3720DD21E43D3C00302612 = {
			isa = PBXGroup;
			children = (
				ABCB13AD21E4FAD6002AB0D7 /* README.md */,
				AB3720E821E43D3C00302612 /* BigTalkDesignPatten */,
				AB3720FD21E43D3E00302612 /* BigTalkDesignPattenTests */,
				AB37210821E43D3E00302612 /* BigTalkDesignPattenUITests */,
				AB3720E721E43D3C00302612 /* Products */,
			);
			sourceTree = "<group>";
		};
		AB3720E721E43D3C00302612 /* Products */ = {
			isa = PBXGroup;
			children = (
				AB3720E621E43D3C00302612 /* BigTalkDesignPatten.app */,
				AB3720FA21E43D3E00302612 /* BigTalkDesignPattenTests.xctest */,
				AB37210521E43D3E00302612 /* BigTalkDesignPattenUITests.xctest */,
			);
			name = Products;
			sourceTree = "<group>";
		};
		AB3720E821E43D3C00302612 /* BigTalkDesignPatten */ = {
			isa = PBXGroup;
			children = (
				AB3720E921E43D3C00302612 /* AppDelegate.swift */,
				AB3720EB21E43D3C00302612 /* ViewController.swift */,
				AB37211721E43D5300302612 /* DesignPatten */,
				AB3720ED21E43D3C00302612 /* Main.storyboard */,
				AB3720F021E43D3E00302612 /* Assets.xcassets */,
				AB3720F221E43D3E00302612 /* LaunchScreen.storyboard */,
				AB3720F521E43D3E00302612 /* Info.plist */,
			);
			path = BigTalkDesignPatten;
			sourceTree = "<group>";
		};
		AB3720FD21E43D3E00302612 /* BigTalkDesignPattenTests */ = {
			isa = PBXGroup;
			children = (
				AB3720FE21E43D3E00302612 /* BigTalkDesignPattenTests.swift */,
				AB37210021E43D3E00302612 /* Info.plist */,
			);
			path = BigTalkDesignPattenTests;
			sourceTree = "<group>";
		};
		AB37210821E43D3E00302612 /* BigTalkDesignPattenUITests */ = {
			isa = PBXGroup;
			children = (
				AB37210921E43D3E00302612 /* BigTalkDesignPattenUITests.swift */,
				AB37210B21E43D3E00302612 /* Info.plist */,
			);
			path = BigTalkDesignPattenUITests;
			sourceTree = "<group>";
		};
		AB37211721E43D5300302612 /* DesignPatten */ = {
			isa = PBXGroup;
			children = (
				AB37211821E43DC100302612 /* SimpleFactory */,
			);
			path = DesignPatten;
			sourceTree = "<group>";
		};
		AB37211821E43DC100302612 /* SimpleFactory */ = {
			isa = PBXGroup;
			children = (
				AB37212A21E4680F00302612 /* OperationFactory.swift */,
				AB37211B21E43EF200302612 /* Operation.swift */,
				AB37212221E4641C00302612 /* OperationAdd.swift */,
				AB37212421E465F100302612 /* OperationSub.swift */,
				AB37212621E4666B00302612 /* OperationMul.swift */,
				AB37212821E466AC00302612 /* OperationDiv.swift */,
			);
			path = SimpleFactory;
			sourceTree = "<group>";
		};
/* End PBXGroup section */

/* Begin PBXNativeTarget section */
		AB3720E521E43D3C00302612 /* BigTalkDesignPatten */ = {
			isa = PBXNativeTarget;
			buildConfigurationList = AB37210E21E43D3E00302612 /* Build configuration list for PBXNativeTarget "BigTalkDesignPatten" */;
			buildPhases = (
				AB3720E221E43D3C00302612 /* Sources */,
				AB3720E321E43D3C00302612 /* Frameworks */,
				AB3720E421E43D3C00302612 /* Resources */,
			);
			buildRules = (
			);
			dependencies = (
			);
			name = BigTalkDesignPatten;
			productName = BigTalkDesignPatten;
			productReference = AB3720E621E43D3C00302612 /* BigTalkDesignPatten.app */;
			productType = "com.apple.product-type.application";
		};
		AB3720F921E43D3E00302612 /* BigTalkDesignPattenTests */ = {
			isa = PBXNativeTarget;
			buildConfigurationList = AB37211121E43D3E00302612 /* Build configuration list for PBXNativeTarget "BigTalkDesignPattenTests" */;
			buildPhases = (
				AB3720F621E43D3E00302612 /* Sources */,
				AB3720F721E43D3E00302612 /* Frameworks */,
				AB3720F821E43D3E00302612 /* Resources */,
			);
			buildRules = (
			);
			dependencies = (
				AB3720FC21E43D3E00302612 /* PBXTargetDependency */,
			);
			name = BigTalkDesignPattenTests;
			productName = BigTalkDesignPattenTests;
			productReference = AB3720FA21E43D3E00302612 /* BigTalkDesignPattenTests.xctest */;
			productType = "com.apple.product-type.bundle.unit-test";
		};
		AB37210421E43D3E00302612 /* BigTalkDesignPattenUITests */ = {
			isa = PBXNativeTarget;
			buildConfigurationList = AB37211421E43D3E00302612 /* Build configuration list for PBXNativeTarget "BigTalkDesignPattenUITests" */;
			buildPhases = (
				AB37210121E43D3E00302612 /* Sources */,
				AB37210221E43D3E00302612 /* Frameworks */,
				AB37210321E43D3E00302612 /* Resources */,
			);
			buildRules = (
			);
			dependencies = (
				AB37210721E43D3E00302612 /* PBXTargetDependency */,
			);
			name = BigTalkDesignPattenUITests;
			productName = BigTalkDesignPattenUITests;
			productReference = AB37210521E43D3E00302612 /* BigTalkDesignPattenUITests.xctest */;
			productType = "com.apple.product-type.bundle.ui-testing";
		};
/* End PBXNativeTarget section */

/* Begin PBXProject section */
		AB3720DE21E43D3C00302612 /* Project object */ = {
			isa = PBXProject;
			attributes = {
				LastSwiftUpdateCheck = 1010;
				LastUpgradeCheck = 1010;
				ORGANIZATIONNAME = lgy;
				TargetAttributes = {
					AB3720E521E43D3C00302612 = {
						CreatedOnToolsVersion = 10.1;
					};
					AB3720F921E43D3E00302612 = {
						CreatedOnToolsVersion = 10.1;
						TestTargetID = AB3720E521E43D3C00302612;
					};
					AB37210421E43D3E00302612 = {
						CreatedOnToolsVersion = 10.1;
						TestTargetID = AB3720E521E43D3C00302612;
					};
				};
			};
			buildConfigurationList = AB3720E121E43D3C00302612 /* Build configuration list for PBXProject "BigTalkDesignPatten" */;
			compatibilityVersion = "Xcode 9.3";
			developmentRegion = en;
			hasScannedForEncodings = 0;
			knownRegions = (
				en,
				Base,
			);
			mainGroup = AB3720DD21E43D3C00302612;
			productRefGroup = AB3720E721E43D3C00302612 /* Products */;
			projectDirPath = "";
			projectRoot = "";
			targets = (
				AB3720E521E43D3C00302612 /* BigTalkDesignPatten */,
				AB3720F921E43D3E00302612 /* BigTalkDesignPattenTests */,
				AB37210421E43D3E00302612 /* BigTalkDesignPattenUITests */,
			);
		};
/* End PBXProject section */

/* Begin PBXResourcesBuildPhase section */
		AB3720E421E43D3C00302612 /* Resources */ = {
			isa = PBXResourcesBuildPhase;
			buildActionMask = 2147483647;
			files = (
				AB3720F421E43D3E00302612 /* LaunchScreen.storyboard in Resources */,
				AB3720F121E43D3E00302612 /* Assets.xcassets in Resources */,
				AB3720EF21E43D3C00302612 /* Main.storyboard in Resources */,
			);
			runOnlyForDeploymentPostprocessing = 0;
		};
		AB3720F821E43D3E00302612 /* Resources */ = {
			isa = PBXResourcesBuildPhase;
			buildActionMask = 2147483647;
			files = (
			);
			runOnlyForDeploymentPostprocessing = 0;
		};
		AB37210321E43D3E00302612 /* Resources */ = {
			isa = PBXResourcesBuildPhase;
			buildActionMask = 2147483647;
			files = (
			);
			runOnlyForDeploymentPostprocessing = 0;
		};
/* End PBXResourcesBuildPhase section */

/* Begin PBXSourcesBuildPhase section */
		AB3720E221E43D3C00302612 /* Sources */ = {
			isa = PBXSourcesBuildPhase;
			buildActionMask = 2147483647;
			files = (
				AB3720EC21E43D3C00302612 /* ViewController.swift in Sources */,
				AB3720EA21E43D3C00302612 /* AppDelegate.swift in Sources */,
				AB37212B21E4680F00302612 /* OperationFactory.swift in Sources */,
				AB37211C21E43EF200302612 /* Operation.swift in Sources */,
				AB37212321E4641C00302612 /* OperationAdd.swift in Sources */,
				AB37212721E4666B00302612 /* OperationMul.swift in Sources */,
				AB37212521E465F100302612 /* OperationSub.swift in Sources */,
				AB37212921E466AC00302612 /* OperationDiv.swift in Sources */,
			);
			runOnlyForDeploymentPostprocessing = 0;
		};
		AB3720F621E43D3E00302612 /* Sources */ = {
			isa = PBXSourcesBuildPhase;
			buildActionMask = 2147483647;
			files = (
				AB3720FF21E43D3E00302612 /* BigTalkDesignPattenTests.swift in Sources */,
			);
			runOnlyForDeploymentPostprocessing = 0;
		};
		AB37210121E43D3E00302612 /* Sources */ = {
			isa = PBXSourcesBuildPhase;
			buildActionMask = 2147483647;
			files = (
				AB37210A21E43D3E00302612 /* BigTalkDesignPattenUITests.swift in Sources */,
			);
			runOnlyForDeploymentPostprocessing = 0;
		};
/* End PBXSourcesBuildPhase section */

/* Begin PBXTargetDependency section */
		AB3720FC21E43D3E00302612 /* PBXTargetDependency */ = {
			isa = PBXTargetDependency;
			target = AB3720E521E43D3C00302612 /* BigTalkDesignPatten */;
			targetProxy = AB3720FB21E43D3E00302612 /* PBXContainerItemProxy */;
		};
		AB37210721E43D3E00302612 /* PBXTargetDependency */ = {
			isa = PBXTargetDependency;
			target = AB3720E521E43D3C00302612 /* BigTalkDesignPatten */;
			targetProxy = AB37210621E43D3E00302612 /* PBXContainerItemProxy */;
		};
/* End PBXTargetDependency section */

/* Begin PBXVariantGroup section */
		AB3720ED21E43D3C00302612 /* Main.storyboard */ = {
			isa = PBXVariantGroup;
			children = (
				AB3720EE21E43D3C00302612 /* Base */,
			);
			name = Main.storyboard;
			sourceTree = "<group>";
		};
		AB3720F221E43D3E00302612 /* LaunchScreen.storyboard */ = {
			isa = PBXVariantGroup;
			children = (
				AB3720F321E43D3E00302612 /* Base */,
			);
			name = LaunchScreen.storyboard;
			sourceTree = "<group>";
		};
/* End PBXVariantGroup section */

/* Begin XCBuildConfiguration section */
		AB37210C21E43D3E00302612 /* Debug */ = {
			isa = XCBuildConfiguration;
			buildSettings = {
				ALWAYS_SEARCH_USER_PATHS = NO;
				CLANG_ANALYZER_NONNULL = YES;
				CLANG_ANALYZER_NUMBER_OBJECT_CONVERSION = YES_AGGRESSIVE;
				CLANG_CXX_LANGUAGE_STANDARD = "gnu++14";
				CLANG_CXX_LIBRARY = "libc++";
				CLANG_ENABLE_MODULES = YES;
				CLANG_ENABLE_OBJC_ARC = YES;
				CLANG_ENABLE_OBJC_WEAK = YES;
				CLANG_WARN_BLOCK_CAPTURE_AUTORELEASING = YES;
				CLANG_WARN_BOOL_CONVERSION = YES;
				CLANG_WARN_COMMA = YES;
				CLANG_WARN_CONSTANT_CONVERSION = YES;
				CLANG_WARN_DEPRECATED_OBJC_IMPLEMENTATIONS = YES;
				CLANG_WARN_DIRECT_OBJC_ISA_USAGE = YES_ERROR;
				CLANG_WARN_DOCUMENTATION_COMMENTS = YES;
				CLANG_WARN_EMPTY_BODY = YES;
				CLANG_WARN_ENUM_CONVERSION = YES;
				CLANG_WARN_INFINITE_RECURSION = YES;
				CLANG_WARN_INT_CONVERSION = YES;
				CLANG_WARN_NON_LITERAL_NULL_CONVERSION = YES;
				CLANG_WARN_OBJC_IMPLICIT_RETAIN_SELF = YES;
				CLANG_WARN_OBJC_LITERAL_CONVERSION = YES;
				CLANG_WARN_OBJC_ROOT_CLASS = YES_ERROR;
				CLANG_WARN_RANGE_LOOP_ANALYSIS = YES;
				CLANG_WARN_STRICT_PROTOTYPES = YES;
				CLANG_WARN_SUSPICIOUS_MOVE = YES;
				CLANG_WARN_UNGUARDED_AVAILABILITY = YES_AGGRESSIVE;
				CLANG_WARN_UNREACHABLE_CODE = YES;
				CLANG_WARN__DUPLICATE_METHOD_MATCH = YES;
				CODE_SIGN_IDENTITY = "iPhone Developer";
				COPY_PHASE_STRIP = NO;
				DEBUG_INFORMATION_FORMAT = dwarf;
				ENABLE_STRICT_OBJC_MSGSEND = YES;
				ENABLE_TESTABILITY = YES;
				GCC_C_LANGUAGE_STANDARD = gnu11;
				GCC_DYNAMIC_NO_PIC = NO;
				GCC_NO_COMMON_BLOCKS = YES;
				GCC_OPTIMIZATION_LEVEL = 0;
				GCC_PREPROCESSOR_DEFINITIONS = (
					"DEBUG=1",
					"$(inherited)",
				);
				GCC_WARN_64_TO_32_BIT_CONVERSION = YES;
				GCC_WARN_ABOUT_RETURN_TYPE = YES_ERROR;
				GCC_WARN_UNDECLARED_SELECTOR = YES;
				GCC_WARN_UNINITIALIZED_AUTOS = YES_AGGRESSIVE;
				GCC_WARN_UNUSED_FUNCTION = YES;
				GCC_WARN_UNUSED_VARIABLE = YES;
				IPHONEOS_DEPLOYMENT_TARGET = 12.1;
				MTL_ENABLE_DEBUG_INFO = INCLUDE_SOURCE;
				MTL_FAST_MATH = YES;
				ONLY_ACTIVE_ARCH = YES;
				SDKROOT = iphoneos;
				SWIFT_ACTIVE_COMPILATION_CONDITIONS = DEBUG;
				SWIFT_OPTIMIZATION_LEVEL = "-Onone";
			};
			name = Debug;
		};
		AB37210D21E43D3E00302612 /* Release */ = {
			isa = XCBuildConfiguration;
			buildSettings = {
				ALWAYS_SEARCH_USER_PATHS = NO;
				CLANG_ANALYZER_NONNULL = YES;
				CLANG_ANALYZER_NUMBER_OBJECT_CONVERSION = YES_AGGRESSIVE;
				CLANG_CXX_LANGUAGE_STANDARD = "gnu++14";
				CLANG_CXX_LIBRARY = "libc++";
				CLANG_ENABLE_MODULES = YES;
				CLANG_ENABLE_OBJC_ARC = YES;
				CLANG_ENABLE_OBJC_WEAK = YES;
				CLANG_WARN_BLOCK_CAPTURE_AUTORELEASING = YES;
				CLANG_WARN_BOOL_CONVERSION = YES;
				CLANG_WARN_COMMA = YES;
				CLANG_WARN_CONSTANT_CONVERSION = YES;
				CLANG_WARN_DEPRECATED_OBJC_IMPLEMENTATIONS = YES;
				CLANG_WARN_DIRECT_OBJC_ISA_USAGE = YES_ERROR;
				CLANG_WARN_DOCUMENTATION_COMMENTS = YES;
				CLANG_WARN_EMPTY_BODY = YES;
				CLANG_WARN_ENUM_CONVERSION = YES;
				CLANG_WARN_INFINITE_RECURSION = YES;
				CLANG_WARN_INT_CONVERSION = YES;
				CLANG_WARN_NON_LITERAL_NULL_CONVERSION = YES;
				CLANG_WARN_OBJC_IMPLICIT_RETAIN_SELF = YES;
				CLANG_WARN_OBJC_LITERAL_CONVERSION = YES;
				CLANG_WARN_OBJC_ROOT_CLASS = YES_ERROR;
				CLANG_WARN_RANGE_LOOP_ANALYSIS = YES;
				CLANG_WARN_STRICT_PROTOTYPES = YES;
				CLANG_WARN_SUSPICIOUS_MOVE = YES;
				CLANG_WARN_UNGUARDED_AVAILABILITY = YES_AGGRESSIVE;
				CLANG_WARN_UNREACHABLE_CODE = YES;
				CLANG_WARN__DUPLICATE_METHOD_MATCH = YES;
				CODE_SIGN_IDENTITY = "iPhone Developer";
				COPY_PHASE_STRIP = NO;
				DEBUG_INFORMATION_FORMAT = "dwarf-with-dsym";
				ENABLE_NS_ASSERTIONS = NO;
				ENABLE_STRICT_OBJC_MSGSEND = YES;
				GCC_C_LANGUAGE_STANDARD = gnu11;
				GCC_NO_COMMON_BLOCKS = YES;
				GCC_WARN_64_TO_32_BIT_CONVERSION = YES;
				GCC_WARN_ABOUT_RETURN_TYPE = YES_ERROR;
				GCC_WARN_UNDECLARED_SELECTOR = YES;
				GCC_WARN_UNINITIALIZED_AUTOS = YES_AGGRESSIVE;
				GCC_WARN_UNUSED_FUNCTION = YES;
				GCC_WARN_UNUSED_VARIABLE = YES;
				IPHONEOS_DEPLOYMENT_TARGET = 12.1;
				MTL_ENABLE_DEBUG_INFO = NO;
				MTL_FAST_MATH = YES;
				SDKROOT = iphoneos;
				SWIFT_COMPILATION_MODE = wholemodule;
				SWIFT_OPTIMIZATION_LEVEL = "-O";
				VALIDATE_PRODUCT = YES;
			};
			name = Release;
		};
		AB37210F21E43D3E00302612 /* Debug */ = {
			isa = XCBuildConfiguration;
			buildSettings = {
				ASSETCATALOG_COMPILER_APPICON_NAME = AppIcon;
				CODE_SIGN_STYLE = Automatic;
				DEVELOPMENT_TEAM = MZ4SGLQM8M;
				INFOPLIST_FILE = BigTalkDesignPatten/Info.plist;
				LD_RUNPATH_SEARCH_PATHS = (
					"$(inherited)",
					"@executable_path/Frameworks",
				);
				PRODUCT_BUNDLE_IDENTIFIER = com.xin.BigTalkDesignPatten;
				PRODUCT_NAME = "$(TARGET_NAME)";
				SWIFT_VERSION = 4.2;
				TARGETED_DEVICE_FAMILY = "1,2";
			};
			name = Debug;
		};
		AB37211021E43D3E00302612 /* Release */ = {
			isa = XCBuildConfiguration;
			buildSettings = {
				ASSETCATALOG_COMPILER_APPICON_NAME = AppIcon;
				CODE_SIGN_STYLE = Automatic;
				DEVELOPMENT_TEAM = MZ4SGLQM8M;
				INFOPLIST_FILE = BigTalkDesignPatten/Info.plist;
				LD_RUNPATH_SEARCH_PATHS = (
					"$(inherited)",
					"@executable_path/Frameworks",
				);
				PRODUCT_BUNDLE_IDENTIFIER = com.xin.BigTalkDesignPatten;
				PRODUCT_NAME = "$(TARGET_NAME)";
				SWIFT_VERSION = 4.2;
				TARGETED_DEVICE_FAMILY = "1,2";
			};
			name = Release;
		};
		AB37211221E43D3E00302612 /* Debug */ = {
			isa = XCBuildConfiguration;
			buildSettings = {
				ALWAYS_EMBED_SWIFT_STANDARD_LIBRARIES = YES;
				BUNDLE_LOADER = "$(TEST_HOST)";
				CODE_SIGN_STYLE = Automatic;
				DEVELOPMENT_TEAM = MZ4SGLQM8M;
				INFOPLIST_FILE = BigTalkDesignPattenTests/Info.plist;
				LD_RUNPATH_SEARCH_PATHS = (
					"$(inherited)",
					"@executable_path/Frameworks",
					"@loader_path/Frameworks",
				);
				PRODUCT_BUNDLE_IDENTIFIER = com.xin.BigTalkDesignPattenTests;
				PRODUCT_NAME = "$(TARGET_NAME)";
				SWIFT_VERSION = 4.2;
				TARGETED_DEVICE_FAMILY = "1,2";
				TEST_HOST = "$(BUILT_PRODUCTS_DIR)/BigTalkDesignPatten.app/BigTalkDesignPatten";
			};
			name = Debug;
		};
		AB37211321E43D3E00302612 /* Release */ = {
			isa = XCBuildConfiguration;
			buildSettings = {
				ALWAYS_EMBED_SWIFT_STANDARD_LIBRARIES = YES;
				BUNDLE_LOADER = "$(TEST_HOST)";
				CODE_SIGN_STYLE = Automatic;
				DEVELOPMENT_TEAM = MZ4SGLQM8M;
				INFOPLIST_FILE = BigTalkDesignPattenTests/Info.plist;
				LD_RUNPATH_SEARCH_PATHS = (
					"$(inherited)",
					"@executable_path/Frameworks",
					"@loader_path/Frameworks",
				);
				PRODUCT_BUNDLE_IDENTIFIER = com.xin.BigTalkDesignPattenTests;
				PRODUCT_NAME = "$(TARGET_NAME)";
				SWIFT_VERSION = 4.2;
				TARGETED_DEVICE_FAMILY = "1,2";
				TEST_HOST = "$(BUILT_PRODUCTS_DIR)/BigTalkDesignPatten.app/BigTalkDesignPatten";
			};
			name = Release;
		};
		AB37211521E43D3E00302612 /* Debug */ = {
			isa = XCBuildConfiguration;
			buildSettings = {
				ALWAYS_EMBED_SWIFT_STANDARD_LIBRARIES = YES;
				CODE_SIGN_STYLE = Automatic;
				DEVELOPMENT_TEAM = MZ4SGLQM8M;
				INFOPLIST_FILE = BigTalkDesignPattenUITests/Info.plist;
				LD_RUNPATH_SEARCH_PATHS = (
					"$(inherited)",
					"@executable_path/Frameworks",
					"@loader_path/Frameworks",
				);
				PRODUCT_BUNDLE_IDENTIFIER = com.xin.BigTalkDesignPattenUITests;
				PRODUCT_NAME = "$(TARGET_NAME)";
				SWIFT_VERSION = 4.2;
				TARGETED_DEVICE_FAMILY = "1,2";
				TEST_TARGET_NAME = BigTalkDesignPatten;
			};
			name = Debug;
		};
		AB37211621E43D3E00302612 /* Release */ = {
			isa = XCBuildConfiguration;
			buildSettings = {
				ALWAYS_EMBED_SWIFT_STANDARD_LIBRARIES = YES;
				CODE_SIGN_STYLE = Automatic;
				DEVELOPMENT_TEAM = MZ4SGLQM8M;
				INFOPLIST_FILE = BigTalkDesignPattenUITests/Info.plist;
				LD_RUNPATH_SEARCH_PATHS = (
					"$(inherited)",
					"@executable_path/Frameworks",
					"@loader_path/Frameworks",
				);
				PRODUCT_BUNDLE_IDENTIFIER = com.xin.BigTalkDesignPattenUITests;
				PRODUCT_NAME = "$(TARGET_NAME)";
				SWIFT_VERSION = 4.2;
				TARGETED_DEVICE_FAMILY = "1,2";
				TEST_TARGET_NAME = BigTalkDesignPatten;
			};
			name = Release;
		};
/* End XCBuildConfiguration section */

/* Begin XCConfigurationList section */
		AB3720E121E43D3C00302612 /* Build configuration list for PBXProject "BigTalkDesignPatten" */ = {
			isa = XCConfigurationList;
			buildConfigurations = (
				AB37210C21E43D3E00302612 /* Debug */,
				AB37210D21E43D3E00302612 /* Release */,
			);
			defaultConfigurationIsVisible = 0;
			defaultConfigurationName = Release;
		};
		AB37210E21E43D3E00302612 /* Build configuration list for PBXNativeTarget "BigTalkDesignPatten" */ = {
			isa = XCConfigurationList;
			buildConfigurations = (
				AB37210F21E43D3E00302612 /* Debug */,
				AB37211021E43D3E00302612 /* Release */,
			);
			defaultConfigurationIsVisible = 0;
			defaultConfigurationName = Release;
		};
		AB37211121E43D3E00302612 /* Build configuration list for PBXNativeTarget "BigTalkDesignPattenTests" */ = {
			isa = XCConfigurationList;
			buildConfigurations = (
				AB37211221E43D3E00302612 /* Debug */,
				AB37211321E43D3E00302612 /* Release */,
			);
			defaultConfigurationIsVisible = 0;
			defaultConfigurationName = Release;
		};
		AB37211421E43D3E00302612 /* Build configuration list for PBXNativeTarget "BigTalkDesignPattenUITests" */ = {
			isa = XCConfigurationList;
			buildConfigurations = (
				AB37211521E43D3E00302612 /* Debug */,
				AB37211621E43D3E00302612 /* Release */,
			);
			defaultConfigurationIsVisible = 0;
			defaultConfigurationName = Release;
		};
/* End XCConfigurationList section */
	};
	rootObject = AB3720DE21E43D3C00302612 /* Project object */;
}
