// !$*UTF8*$!
{
	archiveVersion = 1;
	classes = {
	};
	objectVersion = 50;
	objects = {

/* Begin PBXBuildFile section */
		AC96B92E2212D6F700035C9E /* AppDelegate.swift in Sources */ = {isa = PBXBuildFile; fileRef = AC96B92D2212D6F700035C9E /* AppDelegate.swift */; };
		AC96B9302212D6F700035C9E /* ViewController.swift in Sources */ = {isa = PBXBuildFile; fileRef = AC96B92F2212D6F700035C9E /* ViewController.swift */; };
		AC96B9332212D6F700035C9E /* Main.storyboard in Resources */ = {isa = PBXBuildFile; fileRef = AC96B9312212D6F700035C9E /* Main.storyboard */; };
		AC96B9352212D6F800035C9E /* Assets.xcassets in Resources */ = {isa = PBXBuildFile; fileRef = AC96B9342212D6F800035C9E /* Assets.xcassets */; };
		AC96B9382212D6F800035C9E /* LaunchScreen.storyboard in Resources */ = {isa = PBXBuildFile; fileRef = AC96B9362212D6F800035C9E /* LaunchScreen.storyboard */; };
		AC96B9402212D74A00035C9E /* Solution.swift in Sources */ = {isa = PBXBuildFile; fileRef = AC96B93F2212D74A00035C9E /* Solution.swift */; };
/* End PBXBuildFile section */

/* Begin PBXFileReference section */
		AC96B92A2212D6F700035C9E /* PMainThreadWatcherDemo.app */ = {isa = PBXFileReference; explicitFileType = wrapper.application; includeInIndex = 0; path = PMainThreadWatcherDemo.app; sourceTree = BUILT_PRODUCTS_DIR; };
		AC96B92D2212D6F700035C9E /* AppDelegate.swift */ = {isa = PBXFileReference; lastKnownFileType = sourcecode.swift; path = AppDelegate.swift; sourceTree = "<group>"; };
		AC96B92F2212D6F700035C9E /* ViewController.swift */ = {isa = PBXFileReference; lastKnownFileType = sourcecode.swift; path = ViewController.swift; sourceTree = "<group>"; };
		AC96B9322212D6F700035C9E /* Base */ = {isa = PBXFileReference; lastKnownFileType = file.storyboard; name = Base; path = Base.lproj/Main.storyboard; sourceTree = "<group>"; };
		AC96B9342212D6F800035C9E /* Assets.xcassets */ = {isa = PBXFileReference; lastKnownFileType = folder.assetcatalog; path = Assets.xcassets; sourceTree = "<group>"; };
		AC96B9372212D6F800035C9E /* Base */ = {isa = PBXFileReference; lastKnownFileType = file.storyboard; name = Base; path = Base.lproj/LaunchScreen.storyboard; sourceTree = "<group>"; };
		AC96B9392212D6F800035C9E /* Info.plist */ = {isa = PBXFileReference; lastKnownFileType = text.plist.xml; path = Info.plist; sourceTree = "<group>"; };
		AC96B93F2212D74A00035C9E /* Solution.swift */ = {isa = PBXFileReference; lastKnownFileType = sourcecode.swift; path = Solution.swift; sourceTree = "<group>"; };
/* End PBXFileReference section */

/* Begin PBXFrameworksBuildPhase section */
		AC96B9272212D6F700035C9E /* Frameworks */ = {
			isa = PBXFrameworksBuildPhase;
			buildActionMask = 2147483647;
			files = (
			);
			runOnlyForDeploymentPostprocessing = 0;
		};
/* End PBXFrameworksBuildPhase section */

/* Begin PBXGroup section */
		AC96B9212212D6F700035C9E = {
			isa = PBXGroup;
			children = (
				AC96B92C2212D6F700035C9E /* PMainThreadWatcherDemo */,
				AC96B92B2212D6F700035C9E /* Products */,
			);
			sourceTree = "<group>";
		};
		AC96B92B2212D6F700035C9E /* Products */ = {
			isa = PBXGroup;
			children = (
				AC96B92A2212D6F700035C9E /* PMainThreadWatcherDemo.app */,
			);
			name = Products;
			sourceTree = "<group>";
		};
		AC96B92C2212D6F700035C9E /* PMainThreadWatcherDemo */ = {
			isa = PBXGroup;
			children = (
				AC96B92D2212D6F700035C9E /* AppDelegate.swift */,
				AC96B92F2212D6F700035C9E /* ViewController.swift */,
				AC96B9312212D6F700035C9E /* Main.storyboard */,
				AC96B9342212D6F800035C9E /* Assets.xcassets */,
				AC96B9362212D6F800035C9E /* LaunchScreen.storyboard */,
				AC96B9392212D6F800035C9E /* Info.plist */,
				AC96B93F2212D74A00035C9E /* Solution.swift */,
			);
			path = PMainThreadWatcherDemo;
			sourceTree = "<group>";
		};
/* End PBXGroup section */

/* Begin PBXNativeTarget section */
		AC96B9292212D6F700035C9E /* PMainThreadWatcherDemo */ = {
			isa = PBXNativeTarget;
			buildConfigurationList = AC96B93C2212D6F800035C9E /* Build configuration list for PBXNativeTarget "PMainThreadWatcherDemo" */;
			buildPhases = (
				AC96B9262212D6F700035C9E /* Sources */,
				AC96B9272212D6F700035C9E /* Frameworks */,
				AC96B9282212D6F700035C9E /* Resources */,
			);
			buildRules = (
			);
			dependencies = (
			);
			name = PMainThreadWatcherDemo;
			productName = PMainThreadWatcherDemo;
			productReference = AC96B92A2212D6F700035C9E /* PMainThreadWatcherDemo.app */;
			productType = "com.apple.product-type.application";
		};
/* End PBXNativeTarget section */

/* Begin PBXProject section */
		AC96B9222212D6F700035C9E /* Project object */ = {
			isa = PBXProject;
			attributes = {
				LastSwiftUpdateCheck = 0940;
				LastUpgradeCheck = 0940;
				ORGANIZATIONNAME = Xin;
				TargetAttributes = {
					AC96B9292212D6F700035C9E = {
						CreatedOnToolsVersion = 9.4.1;
					};
				};
			};
			buildConfigurationList = AC96B9252212D6F700035C9E /* Build configuration list for PBXProject "PMainThreadWatcherDemo" */;
			compatibilityVersion = "Xcode 9.3";
			developmentRegion = en;
			hasScannedForEncodings = 0;
			knownRegions = (
				en,
				Base,
			);
			mainGroup = AC96B9212212D6F700035C9E;
			productRefGroup = AC96B92B2212D6F700035C9E /* Products */;
			projectDirPath = "";
			projectRoot = "";
			targets = (
				AC96B9292212D6F700035C9E /* PMainThreadWatcherDemo */,
			);
		};
/* End PBXProject section */

/* Begin PBXResourcesBuildPhase section */
		AC96B9282212D6F700035C9E /* Resources */ = {
			isa = PBXResourcesBuildPhase;
			buildActionMask = 2147483647;
			files = (
				AC96B9382212D6F800035C9E /* LaunchScreen.storyboard in Resources */,
				AC96B9352212D6F800035C9E /* Assets.xcassets in Resources */,
				AC96B9332212D6F700035C9E /* Main.storyboard in Resources */,
			);
			runOnlyForDeploymentPostprocessing = 0;
		};
/* End PBXResourcesBuildPhase section */

/* Begin PBXSourcesBuildPhase section */
		AC96B9262212D6F700035C9E /* Sources */ = {
			isa = PBXSourcesBuildPhase;
			buildActionMask = 2147483647;
			files = (
				AC96B9302212D6F700035C9E /* ViewController.swift in Sources */,
				AC96B92E2212D6F700035C9E /* AppDelegate.swift in Sources */,
				AC96B9402212D74A00035C9E /* Solution.swift in Sources */,
			);
			runOnlyForDeploymentPostprocessing = 0;
		};
/* End PBXSourcesBuildPhase section */

/* Begin PBXVariantGroup section */
		AC96B9312212D6F700035C9E /* Main.storyboard */ = {
			isa = PBXVariantGroup;
			children = (
				AC96B9322212D6F700035C9E /* Base */,
			);
			name = Main.storyboard;
			sourceTree = "<group>";
		};
		AC96B9362212D6F800035C9E /* LaunchScreen.storyboard */ = {
			isa = PBXVariantGroup;
			children = (
				AC96B9372212D6F800035C9E /* Base */,
			);
			name = LaunchScreen.storyboard;
			sourceTree = "<group>";
		};
/* End PBXVariantGroup section */

/* Begin XCBuildConfiguration section */
		AC96B93A2212D6F800035C9E /* Debug */ = {
			isa = XCBuildConfiguration;
			buildSettings = {
				ALWAYS_SEARCH_USER_PATHS = NO;
				CLANG_ANALYZER_NONNULL = YES;
				CLANG_ANALYZER_NUMBER_OBJECT_CONVERSION = YES_AGGRESSIVE;
				CLANG_CXX_LANGUAGE_STANDARD = "gnu++14";
				CLANG_CXX_LIBRARY = "libc++";
				CLANG_ENABLE_MODULES = YES;
				CLANG_ENABLE_OBJC_ARC = YES;
				CLANG_ENABLE_OBJC_WEAK = YES;
				CLANG_WARN_BLOCK_CAPTURE_AUTORELEASING = YES;
				CLANG_WARN_BOOL_CONVERSION = YES;
				CLANG_WARN_COMMA = YES;
				CLANG_WARN_CONSTANT_CONVERSION = YES;
				CLANG_WARN_DEPRECATED_OBJC_IMPLEMENTATIONS = YES;
				CLANG_WARN_DIRECT_OBJC_ISA_USAGE = YES_ERROR;
				CLANG_WARN_DOCUMENTATION_COMMENTS = YES;
				CLANG_WARN_EMPTY_BODY = YES;
				CLANG_WARN_ENUM_CONVERSION = YES;
				CLANG_WARN_INFINITE_RECURSION = YES;
				CLANG_WARN_INT_CONVERSION = YES;
				CLANG_WARN_NON_LITERAL_NULL_CONVERSION = YES;
				CLANG_WARN_OBJC_IMPLICIT_RETAIN_SELF = YES;
				CLANG_WARN_OBJC_LITERAL_CONVERSION = YES;
				CLANG_WARN_OBJC_ROOT_CLASS = YES_ERROR;
				CLANG_WARN_RANGE_LOOP_ANALYSIS = YES;
				CLANG_WARN_STRICT_PROTOTYPES = YES;
				CLANG_WARN_SUSPICIOUS_MOVE = YES;
				CLANG_WARN_UNGUARDED_AVAILABILITY = YES_AGGRESSIVE;
				CLANG_WARN_UNREACHABLE_CODE = YES;
				CLANG_WARN__DUPLICATE_METHOD_MATCH = YES;
				CODE_SIGN_IDENTITY = "iPhone Developer";
				COPY_PHASE_STRIP = NO;
				DEBUG_INFORMATION_FORMAT = dwarf;
				ENABLE_STRICT_OBJC_MSGSEND = YES;
				ENABLE_TESTABILITY = YES;
				GCC_C_LANGUAGE_STANDARD = gnu11;
				GCC_DYNAMIC_NO_PIC = NO;
				GCC_NO_COMMON_BLOCKS = YES;
				GCC_OPTIMIZATION_LEVEL = 0;
				GCC_PREPROCESSOR_DEFINITIONS = (
					"DEBUG=1",
					"$(inherited)",
				);
				GCC_WARN_64_TO_32_BIT_CONVERSION = YES;
				GCC_WARN_ABOUT_RETURN_TYPE = YES_ERROR;
				GCC_WARN_UNDECLARED_SELECTOR = YES;
				GCC_WARN_UNINITIALIZED_AUTOS = YES_AGGRESSIVE;
				GCC_WARN_UNUSED_FUNCTION = YES;
				GCC_WARN_UNUSED_VARIABLE = YES;
				IPHONEOS_DEPLOYMENT_TARGET = 11.4;
				MTL_ENABLE_DEBUG_INFO = YES;
				ONLY_ACTIVE_ARCH = YES;
				SDKROOT = iphoneos;
				SWIFT_ACTIVE_COMPILATION_CONDITIONS = DEBUG;
				SWIFT_OPTIMIZATION_LEVEL = "-Onone";
			};
			name = Debug;
		};
		AC96B93B2212D6F800035C9E /* Release */ = {
			isa = XCBuildConfiguration;
			buildSettings = {
				ALWAYS_SEARCH_USER_PATHS = NO;
				CLANG_ANALYZER_NONNULL = YES;
				CLANG_ANALYZER_NUMBER_OBJECT_CONVERSION = YES_AGGRESSIVE;
				CLANG_CXX_LANGUAGE_STANDARD = "gnu++14";
				CLANG_CXX_LIBRARY = "libc++";
				CLANG_ENABLE_MODULES = YES;
				CLANG_ENABLE_OBJC_ARC = YES;
				CLANG_ENABLE_OBJC_WEAK = YES;
				CLANG_WARN_BLOCK_CAPTURE_AUTORELEASING = YES;
				CLANG_WARN_BOOL_CONVERSION = YES;
				CLANG_WARN_COMMA = YES;
				CLANG_WARN_CONSTANT_CONVERSION = YES;
				CLANG_WARN_DEPRECATED_OBJC_IMPLEMENTATIONS = YES;
				CLANG_WARN_DIRECT_OBJC_ISA_USAGE = YES_ERROR;
				CLANG_WARN_DOCUMENTATION_COMMENTS = YES;
				CLANG_WARN_EMPTY_BODY = YES;
				CLANG_WARN_ENUM_CONVERSION = YES;
				CLANG_WARN_INFINITE_RECURSION = YES;
				CLANG_WARN_INT_CONVERSION = YES;
				CLANG_WARN_NON_LITERAL_NULL_CONVERSION = YES;
				CLANG_WARN_OBJC_IMPLICIT_RETAIN_SELF = YES;
				CLANG_WARN_OBJC_LITERAL_CONVERSION = YES;
				CLANG_WARN_OBJC_ROOT_CLASS = YES_ERROR;
				CLANG_WARN_RANGE_LOOP_ANALYSIS = YES;
				CLANG_WARN_STRICT_PROTOTYPES = YES;
				CLANG_WARN_SUSPICIOUS_MOVE = YES;
				CLANG_WARN_UNGUARDED_AVAILABILITY = YES_AGGRESSIVE;
				CLANG_WARN_UNREACHABLE_CODE = YES;
				CLANG_WARN__DUPLICATE_METHOD_MATCH = YES;
				CODE_SIGN_IDENTITY = "iPhone Developer";
				COPY_PHASE_STRIP = NO;
				DEBUG_INFORMATION_FORMAT = "dwarf-with-dsym";
				ENABLE_NS_ASSERTIONS = NO;
				ENABLE_STRICT_OBJC_MSGSEND = YES;
				GCC_C_LANGUAGE_STANDARD = gnu11;
				GCC_NO_COMMON_BLOCKS = YES;
				GCC_WARN_64_TO_32_BIT_CONVERSION = YES;
				GCC_WARN_ABOUT_RETURN_TYPE = YES_ERROR;
				GCC_WARN_UNDECLARED_SELECTOR = YES;
				GCC_WARN_UNINITIALIZED_AUTOS = YES_AGGRESSIVE;
				GCC_WARN_UNUSED_FUNCTION = YES;
				GCC_WARN_UNUSED_VARIABLE = YES;
				IPHONEOS_DEPLOYMENT_TARGET = 11.4;
				MTL_ENABLE_DEBUG_INFO = NO;
				SDKROOT = iphoneos;
				SWIFT_COMPILATION_MODE = wholemodule;
				SWIFT_OPTIMIZATION_LEVEL = "-O";
				VALIDATE_PRODUCT = YES;
			};
			name = Release;
		};
		AC96B93D2212D6F800035C9E /* Debug */ = {
			isa = XCBuildConfiguration;
			buildSettings = {
				ASSETCATALOG_COMPILER_APPICON_NAME = AppIcon;
				CODE_SIGN_STYLE = Automatic;
				INFOPLIST_FILE = PMainThreadWatcherDemo/Info.plist;
				LD_RUNPATH_SEARCH_PATHS = (
					"$(inherited)",
					"@executable_path/Frameworks",
				);
				PRODUCT_BUNDLE_IDENTIFIER = com.xin.PMainThreadWatcherDemo;
				PRODUCT_NAME = "$(TARGET_NAME)";
				SWIFT_VERSION = 4.0;
				TARGETED_DEVICE_FAMILY = "1,2";
			};
			name = Debug;
		};
		AC96B93E2212D6F800035C9E /* Release */ = {
			isa = XCBuildConfiguration;
			buildSettings = {
				ASSETCATALOG_COMPILER_APPICON_NAME = AppIcon;
				CODE_SIGN_STYLE = Automatic;
				INFOPLIST_FILE = PMainThreadWatcherDemo/Info.plist;
				LD_RUNPATH_SEARCH_PATHS = (
					"$(inherited)",
					"@executable_path/Frameworks",
				);
				PRODUCT_BUNDLE_IDENTIFIER = com.xin.PMainThreadWatcherDemo;
				PRODUCT_NAME = "$(TARGET_NAME)";
				SWIFT_VERSION = 4.0;
				TARGETED_DEVICE_FAMILY = "1,2";
			};
			name = Release;
		};
/* End XCBuildConfiguration section */

/* Begin XCConfigurationList section */
		AC96B9252212D6F700035C9E /* Build configuration list for PBXProject "PMainThreadWatcherDemo" */ = {
			isa = XCConfigurationList;
			buildConfigurations = (
				AC96B93A2212D6F800035C9E /* Debug */,
				AC96B93B2212D6F800035C9E /* Release */,
			);
			defaultConfigurationIsVisible = 0;
			defaultConfigurationName = Release;
		};
		AC96B93C2212D6F800035C9E /* Build configuration list for PBXNativeTarget "PMainThreadWatcherDemo" */ = {
			isa = XCConfigurationList;
			buildConfigurations = (
				AC96B93D2212D6F800035C9E /* Debug */,
				AC96B93E2212D6F800035C9E /* Release */,
			);
			defaultConfigurationIsVisible = 0;
			defaultConfigurationName = Release;
		};
/* End XCConfigurationList section */
	};
	rootObject = AC96B9222212D6F700035C9E /* Project object */;
}
