// !$*UTF8*$!
{
	archiveVersion = 1;
	classes = {
	};
	objectVersion = 50;
	objects = {

/* Begin PBXBuildFile section */
		AC8930D822B10EE6002DF446 /* AppDelegate.swift in Sources */ = {isa = PBXBuildFile; fileRef = AC8930D722B10EE6002DF446 /* AppDelegate.swift */; };
		AC8930DA22B10EE6002DF446 /* ViewController.swift in Sources */ = {isa = PBXBuildFile; fileRef = AC8930D922B10EE6002DF446 /* ViewController.swift */; };
		AC8930DD22B10EE6002DF446 /* Main.storyboard in Resources */ = {isa = PBXBuildFile; fileRef = AC8930DB22B10EE6002DF446 /* Main.storyboard */; };
		AC8930DF22B10EE7002DF446 /* Assets.xcassets in Resources */ = {isa = PBXBuildFile; fileRef = AC8930DE22B10EE7002DF446 /* Assets.xcassets */; };
		AC8930E222B10EE7002DF446 /* LaunchScreen.storyboard in Resources */ = {isa = PBXBuildFile; fileRef = AC8930E022B10EE7002DF446 /* LaunchScreen.storyboard */; };
		AC8930ED22B10EE7002DF446 /* RefreshTests.swift in Sources */ = {isa = PBXBuildFile; fileRef = AC8930EC22B10EE7002DF446 /* RefreshTests.swift */; };
		AC8930F822B10EE7002DF446 /* RefreshUITests.swift in Sources */ = {isa = PBXBuildFile; fileRef = AC8930F722B10EE7002DF446 /* RefreshUITests.swift */; };
		AC89310622B10F56002DF446 /* RefreshFooter.swift in Sources */ = {isa = PBXBuildFile; fileRef = AC89310522B10F56002DF446 /* RefreshFooter.swift */; };
/* End PBXBuildFile section */

/* Begin PBXContainerItemProxy section */
		AC8930E922B10EE7002DF446 /* PBXContainerItemProxy */ = {
			isa = PBXContainerItemProxy;
			containerPortal = AC8930CC22B10EE6002DF446 /* Project object */;
			proxyType = 1;
			remoteGlobalIDString = AC8930D322B10EE6002DF446;
			remoteInfo = Refresh;
		};
		AC8930F422B10EE7002DF446 /* PBXContainerItemProxy */ = {
			isa = PBXContainerItemProxy;
			containerPortal = AC8930CC22B10EE6002DF446 /* Project object */;
			proxyType = 1;
			remoteGlobalIDString = AC8930D322B10EE6002DF446;
			remoteInfo = Refresh;
		};
/* End PBXContainerItemProxy section */

/* Begin PBXFileReference section */
		AC8930D422B10EE6002DF446 /* Refresh.app */ = {isa = PBXFileReference; explicitFileType = wrapper.application; includeInIndex = 0; path = Refresh.app; sourceTree = BUILT_PRODUCTS_DIR; };
		AC8930D722B10EE6002DF446 /* AppDelegate.swift */ = {isa = PBXFileReference; lastKnownFileType = sourcecode.swift; path = AppDelegate.swift; sourceTree = "<group>"; };
		AC8930D922B10EE6002DF446 /* ViewController.swift */ = {isa = PBXFileReference; lastKnownFileType = sourcecode.swift; path = ViewController.swift; sourceTree = "<group>"; };
		AC8930DC22B10EE6002DF446 /* Base */ = {isa = PBXFileReference; lastKnownFileType = file.storyboard; name = Base; path = Base.lproj/Main.storyboard; sourceTree = "<group>"; };
		AC8930DE22B10EE7002DF446 /* Assets.xcassets */ = {isa = PBXFileReference; lastKnownFileType = folder.assetcatalog; path = Assets.xcassets; sourceTree = "<group>"; };
		AC8930E122B10EE7002DF446 /* Base */ = {isa = PBXFileReference; lastKnownFileType = file.storyboard; name = Base; path = Base.lproj/LaunchScreen.storyboard; sourceTree = "<group>"; };
		AC8930E322B10EE7002DF446 /* Info.plist */ = {isa = PBXFileReference; lastKnownFileType = text.plist.xml; path = Info.plist; sourceTree = "<group>"; };
		AC8930E822B10EE7002DF446 /* RefreshTests.xctest */ = {isa = PBXFileReference; explicitFileType = wrapper.cfbundle; includeInIndex = 0; path = RefreshTests.xctest; sourceTree = BUILT_PRODUCTS_DIR; };
		AC8930EC22B10EE7002DF446 /* RefreshTests.swift */ = {isa = PBXFileReference; lastKnownFileType = sourcecode.swift; path = RefreshTests.swift; sourceTree = "<group>"; };
		AC8930EE22B10EE7002DF446 /* Info.plist */ = {isa = PBXFileReference; lastKnownFileType = text.plist.xml; path = Info.plist; sourceTree = "<group>"; };
		AC8930F322B10EE7002DF446 /* RefreshUITests.xctest */ = {isa = PBXFileReference; explicitFileType = wrapper.cfbundle; includeInIndex = 0; path = RefreshUITests.xctest; sourceTree = BUILT_PRODUCTS_DIR; };
		AC8930F722B10EE7002DF446 /* RefreshUITests.swift */ = {isa = PBXFileReference; lastKnownFileType = sourcecode.swift; path = RefreshUITests.swift; sourceTree = "<group>"; };
		AC8930F922B10EE7002DF446 /* Info.plist */ = {isa = PBXFileReference; lastKnownFileType = text.plist.xml; path = Info.plist; sourceTree = "<group>"; };
		AC89310522B10F56002DF446 /* RefreshFooter.swift */ = {isa = PBXFileReference; lastKnownFileType = sourcecode.swift; path = RefreshFooter.swift; sourceTree = "<group>"; };
/* End PBXFileReference section */

/* Begin PBXFrameworksBuildPhase section */
		AC8930D122B10EE6002DF446 /* Frameworks */ = {
			isa = PBXFrameworksBuildPhase;
			buildActionMask = 2147483647;
			files = (
			);
			runOnlyForDeploymentPostprocessing = 0;
		};
		AC8930E522B10EE7002DF446 /* Frameworks */ = {
			isa = PBXFrameworksBuildPhase;
			buildActionMask = 2147483647;
			files = (
			);
			runOnlyForDeploymentPostprocessing = 0;
		};
		AC8930F022B10EE7002DF446 /* Frameworks */ = {
			isa = PBXFrameworksBuildPhase;
			buildActionMask = 2147483647;
			files = (
			);
			runOnlyForDeploymentPostprocessing = 0;
		};
/* End PBXFrameworksBuildPhase section */

/* Begin PBXGroup section */
		AC8930CB22B10EE6002DF446 = {
			isa = PBXGroup;
			children = (
				AC8930D622B10EE6002DF446 /* Refresh */,
				AC8930EB22B10EE7002DF446 /* RefreshTests */,
				AC8930F622B10EE7002DF446 /* RefreshUITests */,
				AC8930D522B10EE6002DF446 /* Products */,
			);
			sourceTree = "<group>";
		};
		AC8930D522B10EE6002DF446 /* Products */ = {
			isa = PBXGroup;
			children = (
				AC8930D422B10EE6002DF446 /* Refresh.app */,
				AC8930E822B10EE7002DF446 /* RefreshTests.xctest */,
				AC8930F322B10EE7002DF446 /* RefreshUITests.xctest */,
			);
			name = Products;
			sourceTree = "<group>";
		};
		AC8930D622B10EE6002DF446 /* Refresh */ = {
			isa = PBXGroup;
			children = (
				AC8930D722B10EE6002DF446 /* AppDelegate.swift */,
				AC8930D922B10EE6002DF446 /* ViewController.swift */,
				AC8930DB22B10EE6002DF446 /* Main.storyboard */,
				AC8930DE22B10EE7002DF446 /* Assets.xcassets */,
				AC8930E022B10EE7002DF446 /* LaunchScreen.storyboard */,
				AC8930E322B10EE7002DF446 /* Info.plist */,
				AC89310522B10F56002DF446 /* RefreshFooter.swift */,
			);
			path = Refresh;
			sourceTree = "<group>";
		};
		AC8930EB22B10EE7002DF446 /* RefreshTests */ = {
			isa = PBXGroup;
			children = (
				AC8930EC22B10EE7002DF446 /* RefreshTests.swift */,
				AC8930EE22B10EE7002DF446 /* Info.plist */,
			);
			path = RefreshTests;
			sourceTree = "<group>";
		};
		AC8930F622B10EE7002DF446 /* RefreshUITests */ = {
			isa = PBXGroup;
			children = (
				AC8930F722B10EE7002DF446 /* RefreshUITests.swift */,
				AC8930F922B10EE7002DF446 /* Info.plist */,
			);
			path = RefreshUITests;
			sourceTree = "<group>";
		};
/* End PBXGroup section */

/* Begin PBXNativeTarget section */
		AC8930D322B10EE6002DF446 /* Refresh */ = {
			isa = PBXNativeTarget;
			buildConfigurationList = AC8930FC22B10EE7002DF446 /* Build configuration list for PBXNativeTarget "Refresh" */;
			buildPhases = (
				AC8930D022B10EE6002DF446 /* Sources */,
				AC8930D122B10EE6002DF446 /* Frameworks */,
				AC8930D222B10EE6002DF446 /* Resources */,
			);
			buildRules = (
			);
			dependencies = (
			);
			name = Refresh;
			productName = Refresh;
			productReference = AC8930D422B10EE6002DF446 /* Refresh.app */;
			productType = "com.apple.product-type.application";
		};
		AC8930E722B10EE7002DF446 /* RefreshTests */ = {
			isa = PBXNativeTarget;
			buildConfigurationList = AC8930FF22B10EE7002DF446 /* Build configuration list for PBXNativeTarget "RefreshTests" */;
			buildPhases = (
				AC8930E422B10EE7002DF446 /* Sources */,
				AC8930E522B10EE7002DF446 /* Frameworks */,
				AC8930E622B10EE7002DF446 /* Resources */,
			);
			buildRules = (
			);
			dependencies = (
				AC8930EA22B10EE7002DF446 /* PBXTargetDependency */,
			);
			name = RefreshTests;
			productName = RefreshTests;
			productReference = AC8930E822B10EE7002DF446 /* RefreshTests.xctest */;
			productType = "com.apple.product-type.bundle.unit-test";
		};
		AC8930F222B10EE7002DF446 /* RefreshUITests */ = {
			isa = PBXNativeTarget;
			buildConfigurationList = AC89310222B10EE7002DF446 /* Build configuration list for PBXNativeTarget "RefreshUITests" */;
			buildPhases = (
				AC8930EF22B10EE7002DF446 /* Sources */,
				AC8930F022B10EE7002DF446 /* Frameworks */,
				AC8930F122B10EE7002DF446 /* Resources */,
			);
			buildRules = (
			);
			dependencies = (
				AC8930F522B10EE7002DF446 /* PBXTargetDependency */,
			);
			name = RefreshUITests;
			productName = RefreshUITests;
			productReference = AC8930F322B10EE7002DF446 /* RefreshUITests.xctest */;
			productType = "com.apple.product-type.bundle.ui-testing";
		};
/* End PBXNativeTarget section */

/* Begin PBXProject section */
		AC8930CC22B10EE6002DF446 /* Project object */ = {
			isa = PBXProject;
			attributes = {
				LastSwiftUpdateCheck = 1010;
				LastUpgradeCheck = 1010;
				ORGANIZATIONNAME = Xin;
				TargetAttributes = {
					AC8930D322B10EE6002DF446 = {
						CreatedOnToolsVersion = 10.1;
					};
					AC8930E722B10EE7002DF446 = {
						CreatedOnToolsVersion = 10.1;
						TestTargetID = AC8930D322B10EE6002DF446;
					};
					AC8930F222B10EE7002DF446 = {
						CreatedOnToolsVersion = 10.1;
						TestTargetID = AC8930D322B10EE6002DF446;
					};
				};
			};
			buildConfigurationList = AC8930CF22B10EE6002DF446 /* Build configuration list for PBXProject "Refresh" */;
			compatibilityVersion = "Xcode 9.3";
			developmentRegion = en;
			hasScannedForEncodings = 0;
			knownRegions = (
				en,
				Base,
			);
			mainGroup = AC8930CB22B10EE6002DF446;
			productRefGroup = AC8930D522B10EE6002DF446 /* Products */;
			projectDirPath = "";
			projectRoot = "";
			targets = (
				AC8930D322B10EE6002DF446 /* Refresh */,
				AC8930E722B10EE7002DF446 /* RefreshTests */,
				AC8930F222B10EE7002DF446 /* RefreshUITests */,
			);
		};
/* End PBXProject section */

/* Begin PBXResourcesBuildPhase section */
		AC8930D222B10EE6002DF446 /* Resources */ = {
			isa = PBXResourcesBuildPhase;
			buildActionMask = 2147483647;
			files = (
				AC8930E222B10EE7002DF446 /* LaunchScreen.storyboard in Resources */,
				AC8930DF22B10EE7002DF446 /* Assets.xcassets in Resources */,
				AC8930DD22B10EE6002DF446 /* Main.storyboard in Resources */,
			);
			runOnlyForDeploymentPostprocessing = 0;
		};
		AC8930E622B10EE7002DF446 /* Resources */ = {
			isa = PBXResourcesBuildPhase;
			buildActionMask = 2147483647;
			files = (
			);
			runOnlyForDeploymentPostprocessing = 0;
		};
		AC8930F122B10EE7002DF446 /* Resources */ = {
			isa = PBXResourcesBuildPhase;
			buildActionMask = 2147483647;
			files = (
			);
			runOnlyForDeploymentPostprocessing = 0;
		};
/* End PBXResourcesBuildPhase section */

/* Begin PBXSourcesBuildPhase section */
		AC8930D022B10EE6002DF446 /* Sources */ = {
			isa = PBXSourcesBuildPhase;
			buildActionMask = 2147483647;
			files = (
				AC8930DA22B10EE6002DF446 /* ViewController.swift in Sources */,
				AC89310622B10F56002DF446 /* RefreshFooter.swift in Sources */,
				AC8930D822B10EE6002DF446 /* AppDelegate.swift in Sources */,
			);
			runOnlyForDeploymentPostprocessing = 0;
		};
		AC8930E422B10EE7002DF446 /* Sources */ = {
			isa = PBXSourcesBuildPhase;
			buildActionMask = 2147483647;
			files = (
				AC8930ED22B10EE7002DF446 /* RefreshTests.swift in Sources */,
			);
			runOnlyForDeploymentPostprocessing = 0;
		};
		AC8930EF22B10EE7002DF446 /* Sources */ = {
			isa = PBXSourcesBuildPhase;
			buildActionMask = 2147483647;
			files = (
				AC8930F822B10EE7002DF446 /* RefreshUITests.swift in Sources */,
			);
			runOnlyForDeploymentPostprocessing = 0;
		};
/* End PBXSourcesBuildPhase section */

/* Begin PBXTargetDependency section */
		AC8930EA22B10EE7002DF446 /* PBXTargetDependency */ = {
			isa = PBXTargetDependency;
			target = AC8930D322B10EE6002DF446 /* Refresh */;
			targetProxy = AC8930E922B10EE7002DF446 /* PBXContainerItemProxy */;
		};
		AC8930F522B10EE7002DF446 /* PBXTargetDependency */ = {
			isa = PBXTargetDependency;
			target = AC8930D322B10EE6002DF446 /* Refresh */;
			targetProxy = AC8930F422B10EE7002DF446 /* PBXContainerItemProxy */;
		};
/* End PBXTargetDependency section */

/* Begin PBXVariantGroup section */
		AC8930DB22B10EE6002DF446 /* Main.storyboard */ = {
			isa = PBXVariantGroup;
			children = (
				AC8930DC22B10EE6002DF446 /* Base */,
			);
			name = Main.storyboard;
			sourceTree = "<group>";
		};
		AC8930E022B10EE7002DF446 /* LaunchScreen.storyboard */ = {
			isa = PBXVariantGroup;
			children = (
				AC8930E122B10EE7002DF446 /* Base */,
			);
			name = LaunchScreen.storyboard;
			sourceTree = "<group>";
		};
/* End PBXVariantGroup section */

/* Begin XCBuildConfiguration section */
		AC8930FA22B10EE7002DF446 /* Debug */ = {
			isa = XCBuildConfiguration;
			buildSettings = {
				ALWAYS_SEARCH_USER_PATHS = NO;
				CLANG_ANALYZER_NONNULL = YES;
				CLANG_ANALYZER_NUMBER_OBJECT_CONVERSION = YES_AGGRESSIVE;
				CLANG_CXX_LANGUAGE_STANDARD = "gnu++14";
				CLANG_CXX_LIBRARY = "libc++";
				CLANG_ENABLE_MODULES = YES;
				CLANG_ENABLE_OBJC_ARC = YES;
				CLANG_ENABLE_OBJC_WEAK = YES;
				CLANG_WARN_BLOCK_CAPTURE_AUTORELEASING = YES;
				CLANG_WARN_BOOL_CONVERSION = YES;
				CLANG_WARN_COMMA = YES;
				CLANG_WARN_CONSTANT_CONVERSION = YES;
				CLANG_WARN_DEPRECATED_OBJC_IMPLEMENTATIONS = YES;
				CLANG_WARN_DIRECT_OBJC_ISA_USAGE = YES_ERROR;
				CLANG_WARN_DOCUMENTATION_COMMENTS = YES;
				CLANG_WARN_EMPTY_BODY = YES;
				CLANG_WARN_ENUM_CONVERSION = YES;
				CLANG_WARN_INFINITE_RECURSION = YES;
				CLANG_WARN_INT_CONVERSION = YES;
				CLANG_WARN_NON_LITERAL_NULL_CONVERSION = YES;
				CLANG_WARN_OBJC_IMPLICIT_RETAIN_SELF = YES;
				CLANG_WARN_OBJC_LITERAL_CONVERSION = YES;
				CLANG_WARN_OBJC_ROOT_CLASS = YES_ERROR;
				CLANG_WARN_RANGE_LOOP_ANALYSIS = YES;
				CLANG_WARN_STRICT_PROTOTYPES = YES;
				CLANG_WARN_SUSPICIOUS_MOVE = YES;
				CLANG_WARN_UNGUARDED_AVAILABILITY = YES_AGGRESSIVE;
				CLANG_WARN_UNREACHABLE_CODE = YES;
				CLANG_WARN__DUPLICATE_METHOD_MATCH = YES;
				CODE_SIGN_IDENTITY = "iPhone Developer";
				COPY_PHASE_STRIP = NO;
				DEBUG_INFORMATION_FORMAT = dwarf;
				ENABLE_STRICT_OBJC_MSGSEND = YES;
				ENABLE_TESTABILITY = YES;
				GCC_C_LANGUAGE_STANDARD = gnu11;
				GCC_DYNAMIC_NO_PIC = NO;
				GCC_NO_COMMON_BLOCKS = YES;
				GCC_OPTIMIZATION_LEVEL = 0;
				GCC_PREPROCESSOR_DEFINITIONS = (
					"DEBUG=1",
					"$(inherited)",
				);
				GCC_WARN_64_TO_32_BIT_CONVERSION = YES;
				GCC_WARN_ABOUT_RETURN_TYPE = YES_ERROR;
				GCC_WARN_UNDECLARED_SELECTOR = YES;
				GCC_WARN_UNINITIALIZED_AUTOS = YES_AGGRESSIVE;
				GCC_WARN_UNUSED_FUNCTION = YES;
				GCC_WARN_UNUSED_VARIABLE = YES;
				IPHONEOS_DEPLOYMENT_TARGET = 12.1;
				MTL_ENABLE_DEBUG_INFO = INCLUDE_SOURCE;
				MTL_FAST_MATH = YES;
				ONLY_ACTIVE_ARCH = YES;
				SDKROOT = iphoneos;
				SWIFT_ACTIVE_COMPILATION_CONDITIONS = DEBUG;
				SWIFT_OPTIMIZATION_LEVEL = "-Onone";
			};
			name = Debug;
		};
		AC8930FB22B10EE7002DF446 /* Release */ = {
			isa = XCBuildConfiguration;
			buildSettings = {
				ALWAYS_SEARCH_USER_PATHS = NO;
				CLANG_ANALYZER_NONNULL = YES;
				CLANG_ANALYZER_NUMBER_OBJECT_CONVERSION = YES_AGGRESSIVE;
				CLANG_CXX_LANGUAGE_STANDARD = "gnu++14";
				CLANG_CXX_LIBRARY = "libc++";
				CLANG_ENABLE_MODULES = YES;
				CLANG_ENABLE_OBJC_ARC = YES;
				CLANG_ENABLE_OBJC_WEAK = YES;
				CLANG_WARN_BLOCK_CAPTURE_AUTORELEASING = YES;
				CLANG_WARN_BOOL_CONVERSION = YES;
				CLANG_WARN_COMMA = YES;
				CLANG_WARN_CONSTANT_CONVERSION = YES;
				CLANG_WARN_DEPRECATED_OBJC_IMPLEMENTATIONS = YES;
				CLANG_WARN_DIRECT_OBJC_ISA_USAGE = YES_ERROR;
				CLANG_WARN_DOCUMENTATION_COMMENTS = YES;
				CLANG_WARN_EMPTY_BODY = YES;
				CLANG_WARN_ENUM_CONVERSION = YES;
				CLANG_WARN_INFINITE_RECURSION = YES;
				CLANG_WARN_INT_CONVERSION = YES;
				CLANG_WARN_NON_LITERAL_NULL_CONVERSION = YES;
				CLANG_WARN_OBJC_IMPLICIT_RETAIN_SELF = YES;
				CLANG_WARN_OBJC_LITERAL_CONVERSION = YES;
				CLANG_WARN_OBJC_ROOT_CLASS = YES_ERROR;
				CLANG_WARN_RANGE_LOOP_ANALYSIS = YES;
				CLANG_WARN_STRICT_PROTOTYPES = YES;
				CLANG_WARN_SUSPICIOUS_MOVE = YES;
				CLANG_WARN_UNGUARDED_AVAILABILITY = YES_AGGRESSIVE;
				CLANG_WARN_UNREACHABLE_CODE = YES;
				CLANG_WARN__DUPLICATE_METHOD_MATCH = YES;
				CODE_SIGN_IDENTITY = "iPhone Developer";
				COPY_PHASE_STRIP = NO;
				DEBUG_INFORMATION_FORMAT = "dwarf-with-dsym";
				ENABLE_NS_ASSERTIONS = NO;
				ENABLE_STRICT_OBJC_MSGSEND = YES;
				GCC_C_LANGUAGE_STANDARD = gnu11;
				GCC_NO_COMMON_BLOCKS = YES;
				GCC_WARN_64_TO_32_BIT_CONVERSION = YES;
				GCC_WARN_ABOUT_RETURN_TYPE = YES_ERROR;
				GCC_WARN_UNDECLARED_SELECTOR = YES;
				GCC_WARN_UNINITIALIZED_AUTOS = YES_AGGRESSIVE;
				GCC_WARN_UNUSED_FUNCTION = YES;
				GCC_WARN_UNUSED_VARIABLE = YES;
				IPHONEOS_DEPLOYMENT_TARGET = 12.1;
				MTL_ENABLE_DEBUG_INFO = NO;
				MTL_FAST_MATH = YES;
				SDKROOT = iphoneos;
				SWIFT_COMPILATION_MODE = wholemodule;
				SWIFT_OPTIMIZATION_LEVEL = "-O";
				VALIDATE_PRODUCT = YES;
			};
			name = Release;
		};
		AC8930FD22B10EE7002DF446 /* Debug */ = {
			isa = XCBuildConfiguration;
			buildSettings = {
				ASSETCATALOG_COMPILER_APPICON_NAME = AppIcon;
				CODE_SIGN_STYLE = Automatic;
				INFOPLIST_FILE = Refresh/Info.plist;
				LD_RUNPATH_SEARCH_PATHS = (
					"$(inherited)",
					"@executable_path/Frameworks",
				);
				PRODUCT_BUNDLE_IDENTIFIER = com.xin.Refresh;
				PRODUCT_NAME = "$(TARGET_NAME)";
				SWIFT_VERSION = 4.2;
				TARGETED_DEVICE_FAMILY = "1,2";
			};
			name = Debug;
		};
		AC8930FE22B10EE7002DF446 /* Release */ = {
			isa = XCBuildConfiguration;
			buildSettings = {
				ASSETCATALOG_COMPILER_APPICON_NAME = AppIcon;
				CODE_SIGN_STYLE = Automatic;
				INFOPLIST_FILE = Refresh/Info.plist;
				LD_RUNPATH_SEARCH_PATHS = (
					"$(inherited)",
					"@executable_path/Frameworks",
				);
				PRODUCT_BUNDLE_IDENTIFIER = com.xin.Refresh;
				PRODUCT_NAME = "$(TARGET_NAME)";
				SWIFT_VERSION = 4.2;
				TARGETED_DEVICE_FAMILY = "1,2";
			};
			name = Release;
		};
		AC89310022B10EE7002DF446 /* Debug */ = {
			isa = XCBuildConfiguration;
			buildSettings = {
				ALWAYS_EMBED_SWIFT_STANDARD_LIBRARIES = YES;
				BUNDLE_LOADER = "$(TEST_HOST)";
				CODE_SIGN_STYLE = Automatic;
				INFOPLIST_FILE = RefreshTests/Info.plist;
				LD_RUNPATH_SEARCH_PATHS = (
					"$(inherited)",
					"@executable_path/Frameworks",
					"@loader_path/Frameworks",
				);
				PRODUCT_BUNDLE_IDENTIFIER = com.xin.RefreshTests;
				PRODUCT_NAME = "$(TARGET_NAME)";
				SWIFT_VERSION = 4.2;
				TARGETED_DEVICE_FAMILY = "1,2";
				TEST_HOST = "$(BUILT_PRODUCTS_DIR)/Refresh.app/Refresh";
			};
			name = Debug;
		};
		AC89310122B10EE7002DF446 /* Release */ = {
			isa = XCBuildConfiguration;
			buildSettings = {
				ALWAYS_EMBED_SWIFT_STANDARD_LIBRARIES = YES;
				BUNDLE_LOADER = "$(TEST_HOST)";
				CODE_SIGN_STYLE = Automatic;
				INFOPLIST_FILE = RefreshTests/Info.plist;
				LD_RUNPATH_SEARCH_PATHS = (
					"$(inherited)",
					"@executable_path/Frameworks",
					"@loader_path/Frameworks",
				);
				PRODUCT_BUNDLE_IDENTIFIER = com.xin.RefreshTests;
				PRODUCT_NAME = "$(TARGET_NAME)";
				SWIFT_VERSION = 4.2;
				TARGETED_DEVICE_FAMILY = "1,2";
				TEST_HOST = "$(BUILT_PRODUCTS_DIR)/Refresh.app/Refresh";
			};
			name = Release;
		};
		AC89310322B10EE7002DF446 /* Debug */ = {
			isa = XCBuildConfiguration;
			buildSettings = {
				ALWAYS_EMBED_SWIFT_STANDARD_LIBRARIES = YES;
				CODE_SIGN_STYLE = Automatic;
				INFOPLIST_FILE = RefreshUITests/Info.plist;
				LD_RUNPATH_SEARCH_PATHS = (
					"$(inherited)",
					"@executable_path/Frameworks",
					"@loader_path/Frameworks",
				);
				PRODUCT_BUNDLE_IDENTIFIER = com.xin.RefreshUITests;
				PRODUCT_NAME = "$(TARGET_NAME)";
				SWIFT_VERSION = 4.2;
				TARGETED_DEVICE_FAMILY = "1,2";
				TEST_TARGET_NAME = Refresh;
			};
			name = Debug;
		};
		AC89310422B10EE7002DF446 /* Release */ = {
			isa = XCBuildConfiguration;
			buildSettings = {
				ALWAYS_EMBED_SWIFT_STANDARD_LIBRARIES = YES;
				CODE_SIGN_STYLE = Automatic;
				INFOPLIST_FILE = RefreshUITests/Info.plist;
				LD_RUNPATH_SEARCH_PATHS = (
					"$(inherited)",
					"@executable_path/Frameworks",
					"@loader_path/Frameworks",
				);
				PRODUCT_BUNDLE_IDENTIFIER = com.xin.RefreshUITests;
				PRODUCT_NAME = "$(TARGET_NAME)";
				SWIFT_VERSION = 4.2;
				TARGETED_DEVICE_FAMILY = "1,2";
				TEST_TARGET_NAME = Refresh;
			};
			name = Release;
		};
/* End XCBuildConfiguration section */

/* Begin XCConfigurationList section */
		AC8930CF22B10EE6002DF446 /* Build configuration list for PBXProject "Refresh" */ = {
			isa = XCConfigurationList;
			buildConfigurations = (
				AC8930FA22B10EE7002DF446 /* Debug */,
				AC8930FB22B10EE7002DF446 /* Release */,
			);
			defaultConfigurationIsVisible = 0;
			defaultConfigurationName = Release;
		};
		AC8930FC22B10EE7002DF446 /* Build configuration list for PBXNativeTarget "Refresh" */ = {
			isa = XCConfigurationList;
			buildConfigurations = (
				AC8930FD22B10EE7002DF446 /* Debug */,
				AC8930FE22B10EE7002DF446 /* Release */,
			);
			defaultConfigurationIsVisible = 0;
			defaultConfigurationName = Release;
		};
		AC8930FF22B10EE7002DF446 /* Build configuration list for PBXNativeTarget "RefreshTests" */ = {
			isa = XCConfigurationList;
			buildConfigurations = (
				AC89310022B10EE7002DF446 /* Debug */,
				AC89310122B10EE7002DF446 /* Release */,
			);
			defaultConfigurationIsVisible = 0;
			defaultConfigurationName = Release;
		};
		AC89310222B10EE7002DF446 /* Build configuration list for PBXNativeTarget "RefreshUITests" */ = {
			isa = XCConfigurationList;
			buildConfigurations = (
				AC89310322B10EE7002DF446 /* Debug */,
				AC89310422B10EE7002DF446 /* Release */,
			);
			defaultConfigurationIsVisible = 0;
			defaultConfigurationName = Release;
		};
/* End XCConfigurationList section */
	};
	rootObject = AC8930CC22B10EE6002DF446 /* Project object */;
}
