// !$*UTF8*$!
{
	archiveVersion = 1;
	classes = {
	};
	objectVersion = 50;
	objects = {

/* Begin PBXBuildFile section */
		AC3C5FA122E828E500EB0752 /* LandmarkList.swift in Sources */ = {isa = PBXBuildFile; fileRef = AC3C5FA022E828E500EB0752 /* LandmarkList.swift */; };
		AC3C5FB322E8402F00EB0752 /* charleyrivers.jpg in Resources */ = {isa = PBXBuildFile; fileRef = AC3C5FA522E8402F00EB0752 /* charleyrivers.jpg */; };
		AC3C5FB422E8402F00EB0752 /* turtlerock.jpg in Resources */ = {isa = PBXBuildFile; fileRef = AC3C5FA622E8402F00EB0752 /* turtlerock.jpg */; };
		AC3C5FB522E8402F00EB0752 /* silversalmoncreek.jpg in Resources */ = {isa = PBXBuildFile; fileRef = AC3C5FA722E8402F00EB0752 /* silversalmoncreek.jpg */; };
		AC3C5FB622E8402F00EB0752 /* icybay.jpg in Resources */ = {isa = PBXBuildFile; fileRef = AC3C5FA822E8402F00EB0752 /* icybay.jpg */; };
		AC3C5FB722E8402F00EB0752 /* lakemcdonald.jpg in Resources */ = {isa = PBXBuildFile; fileRef = AC3C5FA922E8402F00EB0752 /* lakemcdonald.jpg */; };
		AC3C5FB822E8402F00EB0752 /* hiddenlake.jpg in Resources */ = {isa = PBXBuildFile; fileRef = AC3C5FAA22E8402F00EB0752 /* hiddenlake.jpg */; };
		AC3C5FB922E8402F00EB0752 /* twinlake.jpg in Resources */ = {isa = PBXBuildFile; fileRef = AC3C5FAB22E8402F00EB0752 /* twinlake.jpg */; };
		AC3C5FBA22E8402F00EB0752 /* umbagog.jpg in Resources */ = {isa = PBXBuildFile; fileRef = AC3C5FAC22E8402F00EB0752 /* umbagog.jpg */; };
		AC3C5FBB22E8402F00EB0752 /* landmarkData.json in Resources */ = {isa = PBXBuildFile; fileRef = AC3C5FAD22E8402F00EB0752 /* landmarkData.json */; };
		AC3C5FBC22E8402F00EB0752 /* chincoteague.jpg in Resources */ = {isa = PBXBuildFile; fileRef = AC3C5FAE22E8402F00EB0752 /* chincoteague.jpg */; };
		AC3C5FBD22E8402F00EB0752 /* yukon_charleyrivers.jpg in Resources */ = {isa = PBXBuildFile; fileRef = AC3C5FAF22E8402F00EB0752 /* yukon_charleyrivers.jpg */; };
		AC3C5FBE22E8402F00EB0752 /* stmarylake.jpg in Resources */ = {isa = PBXBuildFile; fileRef = AC3C5FB022E8402F00EB0752 /* stmarylake.jpg */; };
		AC3C5FBF22E8402F00EB0752 /* chilkoottrail.jpg in Resources */ = {isa = PBXBuildFile; fileRef = AC3C5FB122E8402F00EB0752 /* chilkoottrail.jpg */; };
		AC3C5FC022E8402F00EB0752 /* rainbowlake.jpg in Resources */ = {isa = PBXBuildFile; fileRef = AC3C5FB222E8402F00EB0752 /* rainbowlake.jpg */; };
		AC3C5FC222E843AA00EB0752 /* UserData.swift in Sources */ = {isa = PBXBuildFile; fileRef = AC3C5FC122E843AA00EB0752 /* UserData.swift */; };
		AC3C5FC622E8505000EB0752 /* Badge.swift in Sources */ = {isa = PBXBuildFile; fileRef = AC3C5FC522E8505000EB0752 /* Badge.swift */; };
		AC3C5FC822E851E000EB0752 /* HexagonParameters.swift in Sources */ = {isa = PBXBuildFile; fileRef = AC3C5FC722E851E000EB0752 /* HexagonParameters.swift */; };
		AC3C5FCA22E8606700EB0752 /* BadgeBackground.swift in Sources */ = {isa = PBXBuildFile; fileRef = AC3C5FC922E8606700EB0752 /* BadgeBackground.swift */; };
		AC3C5FCC22E861AF00EB0752 /* BadgeSymbol.swift in Sources */ = {isa = PBXBuildFile; fileRef = AC3C5FCB22E861AF00EB0752 /* BadgeSymbol.swift */; };
		AC3C5FCE22E86D9100EB0752 /* RotatedBadgeSymbol.swift in Sources */ = {isa = PBXBuildFile; fileRef = AC3C5FCD22E86D9100EB0752 /* RotatedBadgeSymbol.swift */; };
		ACC5494D22E0687800789B2A /* AppDelegate.swift in Sources */ = {isa = PBXBuildFile; fileRef = ACC5494C22E0687800789B2A /* AppDelegate.swift */; };
		ACC5494F22E0687800789B2A /* SceneDelegate.swift in Sources */ = {isa = PBXBuildFile; fileRef = ACC5494E22E0687800789B2A /* SceneDelegate.swift */; };
		ACC5495122E0687800789B2A /* LandmarkDetail.swift in Sources */ = {isa = PBXBuildFile; fileRef = ACC5495022E0687800789B2A /* LandmarkDetail.swift */; };
		ACC5495322E0687900789B2A /* Assets.xcassets in Resources */ = {isa = PBXBuildFile; fileRef = ACC5495222E0687900789B2A /* Assets.xcassets */; };
		ACC5495622E0687900789B2A /* Preview Assets.xcassets in Resources */ = {isa = PBXBuildFile; fileRef = ACC5495522E0687900789B2A /* Preview Assets.xcassets */; };
		ACC5495922E0687900789B2A /* LaunchScreen.storyboard in Resources */ = {isa = PBXBuildFile; fileRef = ACC5495722E0687900789B2A /* LaunchScreen.storyboard */; };
		ACC5496422E0687900789B2A /* LandmarksTests.swift in Sources */ = {isa = PBXBuildFile; fileRef = ACC5496322E0687900789B2A /* LandmarksTests.swift */; };
		ACC5496F22E0687900789B2A /* LandmarksUITests.swift in Sources */ = {isa = PBXBuildFile; fileRef = ACC5496E22E0687900789B2A /* LandmarksUITests.swift */; };
		ACC5497D22E071EC00789B2A /* CircleImage.swift in Sources */ = {isa = PBXBuildFile; fileRef = ACC5497C22E071EC00789B2A /* CircleImage.swift */; };
		ACC5497F22E0759700789B2A /* MapView.swift in Sources */ = {isa = PBXBuildFile; fileRef = ACC5497E22E0759700789B2A /* MapView.swift */; };
		ACC5498122E173EC00789B2A /* LandmarkRow.swift in Sources */ = {isa = PBXBuildFile; fileRef = ACC5498022E173EC00789B2A /* LandmarkRow.swift */; };
		ACC5498422E1749500789B2A /* Landmark.swift in Sources */ = {isa = PBXBuildFile; fileRef = ACC5498322E1749500789B2A /* Landmark.swift */; };
		ACC549A122E176FD00789B2A /* Data.swift in Sources */ = {isa = PBXBuildFile; fileRef = ACC549A022E176FD00789B2A /* Data.swift */; };
/* End PBXBuildFile section */

/* Begin PBXContainerItemProxy section */
		ACC5496022E0687900789B2A /* PBXContainerItemProxy */ = {
			isa = PBXContainerItemProxy;
			containerPortal = ACC5494122E0687800789B2A /* Project object */;
			proxyType = 1;
			remoteGlobalIDString = ACC5494822E0687800789B2A;
			remoteInfo = Landmarks;
		};
		ACC5496B22E0687900789B2A /* PBXContainerItemProxy */ = {
			isa = PBXContainerItemProxy;
			containerPortal = ACC5494122E0687800789B2A /* Project object */;
			proxyType = 1;
			remoteGlobalIDString = ACC5494822E0687800789B2A;
			remoteInfo = Landmarks;
		};
/* End PBXContainerItemProxy section */

/* Begin PBXFileReference section */
		AC3C5FA022E828E500EB0752 /* LandmarkList.swift */ = {isa = PBXFileReference; lastKnownFileType = sourcecode.swift; path = LandmarkList.swift; sourceTree = "<group>"; };
		AC3C5FA522E8402F00EB0752 /* charleyrivers.jpg */ = {isa = PBXFileReference; lastKnownFileType = image.jpeg; path = charleyrivers.jpg; sourceTree = "<group>"; };
		AC3C5FA622E8402F00EB0752 /* turtlerock.jpg */ = {isa = PBXFileReference; lastKnownFileType = image.jpeg; path = turtlerock.jpg; sourceTree = "<group>"; };
		AC3C5FA722E8402F00EB0752 /* silversalmoncreek.jpg */ = {isa = PBXFileReference; lastKnownFileType = image.jpeg; path = silversalmoncreek.jpg; sourceTree = "<group>"; };
		AC3C5FA822E8402F00EB0752 /* icybay.jpg */ = {isa = PBXFileReference; lastKnownFileType = image.jpeg; path = icybay.jpg; sourceTree = "<group>"; };
		AC3C5FA922E8402F00EB0752 /* lakemcdonald.jpg */ = {isa = PBXFileReference; lastKnownFileType = image.jpeg; path = lakemcdonald.jpg; sourceTree = "<group>"; };
		AC3C5FAA22E8402F00EB0752 /* hiddenlake.jpg */ = {isa = PBXFileReference; lastKnownFileType = image.jpeg; path = hiddenlake.jpg; sourceTree = "<group>"; };
		AC3C5FAB22E8402F00EB0752 /* twinlake.jpg */ = {isa = PBXFileReference; lastKnownFileType = image.jpeg; path = twinlake.jpg; sourceTree = "<group>"; };
		AC3C5FAC22E8402F00EB0752 /* umbagog.jpg */ = {isa = PBXFileReference; lastKnownFileType = image.jpeg; path = umbagog.jpg; sourceTree = "<group>"; };
		AC3C5FAD22E8402F00EB0752 /* landmarkData.json */ = {isa = PBXFileReference; fileEncoding = 4; lastKnownFileType = text.json; path = landmarkData.json; sourceTree = "<group>"; };
		AC3C5FAE22E8402F00EB0752 /* chincoteague.jpg */ = {isa = PBXFileReference; lastKnownFileType = image.jpeg; path = chincoteague.jpg; sourceTree = "<group>"; };
		AC3C5FAF22E8402F00EB0752 /* yukon_charleyrivers.jpg */ = {isa = PBXFileReference; lastKnownFileType = image.jpeg; path = yukon_charleyrivers.jpg; sourceTree = "<group>"; };
		AC3C5FB022E8402F00EB0752 /* stmarylake.jpg */ = {isa = PBXFileReference; lastKnownFileType = image.jpeg; path = stmarylake.jpg; sourceTree = "<group>"; };
		AC3C5FB122E8402F00EB0752 /* chilkoottrail.jpg */ = {isa = PBXFileReference; lastKnownFileType = image.jpeg; path = chilkoottrail.jpg; sourceTree = "<group>"; };
		AC3C5FB222E8402F00EB0752 /* rainbowlake.jpg */ = {isa = PBXFileReference; lastKnownFileType = image.jpeg; path = rainbowlake.jpg; sourceTree = "<group>"; };
		AC3C5FC122E843AA00EB0752 /* UserData.swift */ = {isa = PBXFileReference; lastKnownFileType = sourcecode.swift; path = UserData.swift; sourceTree = "<group>"; };
		AC3C5FC522E8505000EB0752 /* Badge.swift */ = {isa = PBXFileReference; lastKnownFileType = sourcecode.swift; path = Badge.swift; sourceTree = "<group>"; };
		AC3C5FC722E851E000EB0752 /* HexagonParameters.swift */ = {isa = PBXFileReference; lastKnownFileType = sourcecode.swift; path = HexagonParameters.swift; sourceTree = "<group>"; };
		AC3C5FC922E8606700EB0752 /* BadgeBackground.swift */ = {isa = PBXFileReference; lastKnownFileType = sourcecode.swift; path = BadgeBackground.swift; sourceTree = "<group>"; };
		AC3C5FCB22E861AF00EB0752 /* BadgeSymbol.swift */ = {isa = PBXFileReference; lastKnownFileType = sourcecode.swift; path = BadgeSymbol.swift; sourceTree = "<group>"; };
		AC3C5FCD22E86D9100EB0752 /* RotatedBadgeSymbol.swift */ = {isa = PBXFileReference; lastKnownFileType = sourcecode.swift; path = RotatedBadgeSymbol.swift; sourceTree = "<group>"; };
		ACC5494922E0687800789B2A /* Landmarks.app */ = {isa = PBXFileReference; explicitFileType = wrapper.application; includeInIndex = 0; path = Landmarks.app; sourceTree = BUILT_PRODUCTS_DIR; };
		ACC5494C22E0687800789B2A /* AppDelegate.swift */ = {isa = PBXFileReference; lastKnownFileType = sourcecode.swift; path = AppDelegate.swift; sourceTree = "<group>"; };
		ACC5494E22E0687800789B2A /* SceneDelegate.swift */ = {isa = PBXFileReference; lastKnownFileType = sourcecode.swift; path = SceneDelegate.swift; sourceTree = "<group>"; };
		ACC5495022E0687800789B2A /* LandmarkDetail.swift */ = {isa = PBXFileReference; lastKnownFileType = sourcecode.swift; path = LandmarkDetail.swift; sourceTree = "<group>"; };
		ACC5495222E0687900789B2A /* Assets.xcassets */ = {isa = PBXFileReference; lastKnownFileType = folder.assetcatalog; path = Assets.xcassets; sourceTree = "<group>"; };
		ACC5495522E0687900789B2A /* Preview Assets.xcassets */ = {isa = PBXFileReference; lastKnownFileType = folder.assetcatalog; path = "Preview Assets.xcassets"; sourceTree = "<group>"; };
		ACC5495822E0687900789B2A /* Base */ = {isa = PBXFileReference; lastKnownFileType = file.storyboard; name = Base; path = Base.lproj/LaunchScreen.storyboard; sourceTree = "<group>"; };
		ACC5495A22E0687900789B2A /* Info.plist */ = {isa = PBXFileReference; lastKnownFileType = text.plist.xml; path = Info.plist; sourceTree = "<group>"; };
		ACC5495F22E0687900789B2A /* LandmarksTests.xctest */ = {isa = PBXFileReference; explicitFileType = wrapper.cfbundle; includeInIndex = 0; path = LandmarksTests.xctest; sourceTree = BUILT_PRODUCTS_DIR; };
		ACC5496322E0687900789B2A /* LandmarksTests.swift */ = {isa = PBXFileReference; lastKnownFileType = sourcecode.swift; path = LandmarksTests.swift; sourceTree = "<group>"; };
		ACC5496522E0687900789B2A /* Info.plist */ = {isa = PBXFileReference; lastKnownFileType = text.plist.xml; path = Info.plist; sourceTree = "<group>"; };
		ACC5496A22E0687900789B2A /* LandmarksUITests.xctest */ = {isa = PBXFileReference; explicitFileType = wrapper.cfbundle; includeInIndex = 0; path = LandmarksUITests.xctest; sourceTree = BUILT_PRODUCTS_DIR; };
		ACC5496E22E0687900789B2A /* LandmarksUITests.swift */ = {isa = PBXFileReference; lastKnownFileType = sourcecode.swift; path = LandmarksUITests.swift; sourceTree = "<group>"; };
		ACC5497022E0687900789B2A /* Info.plist */ = {isa = PBXFileReference; lastKnownFileType = text.plist.xml; path = Info.plist; sourceTree = "<group>"; };
		ACC5497C22E071EC00789B2A /* CircleImage.swift */ = {isa = PBXFileReference; lastKnownFileType = sourcecode.swift; path = CircleImage.swift; sourceTree = "<group>"; };
		ACC5497E22E0759700789B2A /* MapView.swift */ = {isa = PBXFileReference; lastKnownFileType = sourcecode.swift; path = MapView.swift; sourceTree = "<group>"; };
		ACC5498022E173EC00789B2A /* LandmarkRow.swift */ = {isa = PBXFileReference; lastKnownFileType = sourcecode.swift; path = LandmarkRow.swift; sourceTree = "<group>"; };
		ACC5498322E1749500789B2A /* Landmark.swift */ = {isa = PBXFileReference; lastKnownFileType = sourcecode.swift; path = Landmark.swift; sourceTree = "<group>"; };
		ACC549A022E176FD00789B2A /* Data.swift */ = {isa = PBXFileReference; lastKnownFileType = sourcecode.swift; path = Data.swift; sourceTree = "<group>"; };
/* End PBXFileReference section */

/* Begin PBXFrameworksBuildPhase section */
		ACC5494622E0687800789B2A /* Frameworks */ = {
			isa = PBXFrameworksBuildPhase;
			buildActionMask = 2147483647;
			files = (
			);
			runOnlyForDeploymentPostprocessing = 0;
		};
		ACC5495C22E0687900789B2A /* Frameworks */ = {
			isa = PBXFrameworksBuildPhase;
			buildActionMask = 2147483647;
			files = (
			);
			runOnlyForDeploymentPostprocessing = 0;
		};
		ACC5496722E0687900789B2A /* Frameworks */ = {
			isa = PBXFrameworksBuildPhase;
			buildActionMask = 2147483647;
			files = (
			);
			runOnlyForDeploymentPostprocessing = 0;
		};
/* End PBXFrameworksBuildPhase section */

/* Begin PBXGroup section */
		AC3C5FA422E8402F00EB0752 /* Resources */ = {
			isa = PBXGroup;
			children = (
				AC3C5FA522E8402F00EB0752 /* charleyrivers.jpg */,
				AC3C5FA622E8402F00EB0752 /* turtlerock.jpg */,
				AC3C5FA722E8402F00EB0752 /* silversalmoncreek.jpg */,
				AC3C5FA822E8402F00EB0752 /* icybay.jpg */,
				AC3C5FA922E8402F00EB0752 /* lakemcdonald.jpg */,
				AC3C5FAA22E8402F00EB0752 /* hiddenlake.jpg */,
				AC3C5FAB22E8402F00EB0752 /* twinlake.jpg */,
				AC3C5FAC22E8402F00EB0752 /* umbagog.jpg */,
				AC3C5FAD22E8402F00EB0752 /* landmarkData.json */,
				AC3C5FAE22E8402F00EB0752 /* chincoteague.jpg */,
				AC3C5FAF22E8402F00EB0752 /* yukon_charleyrivers.jpg */,
				AC3C5FB022E8402F00EB0752 /* stmarylake.jpg */,
				AC3C5FB122E8402F00EB0752 /* chilkoottrail.jpg */,
				AC3C5FB222E8402F00EB0752 /* rainbowlake.jpg */,
			);
			path = Resources;
			sourceTree = "<group>";
		};
		AC3C5FC322E84F6900EB0752 /* SwiftUI_Essentials */ = {
			isa = PBXGroup;
			children = (
				ACC5495022E0687800789B2A /* LandmarkDetail.swift */,
				ACC5497C22E071EC00789B2A /* CircleImage.swift */,
				ACC5497E22E0759700789B2A /* MapView.swift */,
				ACC5498022E173EC00789B2A /* LandmarkRow.swift */,
				AC3C5FA022E828E500EB0752 /* LandmarkList.swift */,
				AC3C5FC122E843AA00EB0752 /* UserData.swift */,
			);
			path = SwiftUI_Essentials;
			sourceTree = "<group>";
		};
		AC3C5FC422E8501600EB0752 /* DrawingAndAnimation */ = {
			isa = PBXGroup;
			children = (
				AC3C5FD022E956FA00EB0752 /* DrawingPathsAndShapes */,
			);
			path = DrawingAndAnimation;
			sourceTree = "<group>";
		};
		AC3C5FD022E956FA00EB0752 /* DrawingPathsAndShapes */ = {
			isa = PBXGroup;
			children = (
				AC3C5FC522E8505000EB0752 /* Badge.swift */,
				AC3C5FC722E851E000EB0752 /* HexagonParameters.swift */,
				AC3C5FC922E8606700EB0752 /* BadgeBackground.swift */,
				AC3C5FCB22E861AF00EB0752 /* BadgeSymbol.swift */,
				AC3C5FCD22E86D9100EB0752 /* RotatedBadgeSymbol.swift */,
			);
			path = DrawingPathsAndShapes;
			sourceTree = "<group>";
		};
		ACC5494022E0687800789B2A = {
			isa = PBXGroup;
			children = (
				ACC5494B22E0687800789B2A /* Landmarks */,
				ACC5496222E0687900789B2A /* LandmarksTests */,
				ACC5496D22E0687900789B2A /* LandmarksUITests */,
				ACC5494A22E0687800789B2A /* Products */,
			);
			sourceTree = "<group>";
		};
		ACC5494A22E0687800789B2A /* Products */ = {
			isa = PBXGroup;
			children = (
				ACC5494922E0687800789B2A /* Landmarks.app */,
				ACC5495F22E0687900789B2A /* LandmarksTests.xctest */,
				ACC5496A22E0687900789B2A /* LandmarksUITests.xctest */,
			);
			name = Products;
			sourceTree = "<group>";
		};
		ACC5494B22E0687800789B2A /* Landmarks */ = {
			isa = PBXGroup;
			children = (
				AC3C5FC422E8501600EB0752 /* DrawingAndAnimation */,
				AC3C5FC322E84F6900EB0752 /* SwiftUI_Essentials */,
				AC3C5FA422E8402F00EB0752 /* Resources */,
				ACC5498222E1747E00789B2A /* Models */,
				ACC5494C22E0687800789B2A /* AppDelegate.swift */,
				ACC5494E22E0687800789B2A /* SceneDelegate.swift */,
				ACC5495222E0687900789B2A /* Assets.xcassets */,
				ACC5495722E0687900789B2A /* LaunchScreen.storyboard */,
				ACC5495A22E0687900789B2A /* Info.plist */,
				ACC5495422E0687900789B2A /* Preview Content */,
			);
			path = Landmarks;
			sourceTree = "<group>";
		};
		ACC5495422E0687900789B2A /* Preview Content */ = {
			isa = PBXGroup;
			children = (
				ACC5495522E0687900789B2A /* Preview Assets.xcassets */,
			);
			path = "Preview Content";
			sourceTree = "<group>";
		};
		ACC5496222E0687900789B2A /* LandmarksTests */ = {
			isa = PBXGroup;
			children = (
				ACC5496322E0687900789B2A /* LandmarksTests.swift */,
				ACC5496522E0687900789B2A /* Info.plist */,
			);
			path = LandmarksTests;
			sourceTree = "<group>";
		};
		ACC5496D22E0687900789B2A /* LandmarksUITests */ = {
			isa = PBXGroup;
			children = (
				ACC5496E22E0687900789B2A /* LandmarksUITests.swift */,
				ACC5497022E0687900789B2A /* Info.plist */,
			);
			path = LandmarksUITests;
			sourceTree = "<group>";
		};
		ACC5498222E1747E00789B2A /* Models */ = {
			isa = PBXGroup;
			children = (
				ACC5498322E1749500789B2A /* Landmark.swift */,
				ACC549A022E176FD00789B2A /* Data.swift */,
			);
			path = Models;
			sourceTree = "<group>";
		};
/* End PBXGroup section */

/* Begin PBXNativeTarget section */
		ACC5494822E0687800789B2A /* Landmarks */ = {
			isa = PBXNativeTarget;
			buildConfigurationList = ACC5497322E0687900789B2A /* Build configuration list for PBXNativeTarget "Landmarks" */;
			buildPhases = (
				ACC5494522E0687800789B2A /* Sources */,
				ACC5494622E0687800789B2A /* Frameworks */,
				ACC5494722E0687800789B2A /* Resources */,
			);
			buildRules = (
			);
			dependencies = (
			);
			name = Landmarks;
			productName = Landmarks;
			productReference = ACC5494922E0687800789B2A /* Landmarks.app */;
			productType = "com.apple.product-type.application";
		};
		ACC5495E22E0687900789B2A /* LandmarksTests */ = {
			isa = PBXNativeTarget;
			buildConfigurationList = ACC5497622E0687900789B2A /* Build configuration list for PBXNativeTarget "LandmarksTests" */;
			buildPhases = (
				ACC5495B22E0687900789B2A /* Sources */,
				ACC5495C22E0687900789B2A /* Frameworks */,
				ACC5495D22E0687900789B2A /* Resources */,
			);
			buildRules = (
			);
			dependencies = (
				ACC5496122E0687900789B2A /* PBXTargetDependency */,
			);
			name = LandmarksTests;
			productName = LandmarksTests;
			productReference = ACC5495F22E0687900789B2A /* LandmarksTests.xctest */;
			productType = "com.apple.product-type.bundle.unit-test";
		};
		ACC5496922E0687900789B2A /* LandmarksUITests */ = {
			isa = PBXNativeTarget;
			buildConfigurationList = ACC5497922E0687900789B2A /* Build configuration list for PBXNativeTarget "LandmarksUITests" */;
			buildPhases = (
				ACC5496622E0687900789B2A /* Sources */,
				ACC5496722E0687900789B2A /* Frameworks */,
				ACC5496822E0687900789B2A /* Resources */,
			);
			buildRules = (
			);
			dependencies = (
				ACC5496C22E0687900789B2A /* PBXTargetDependency */,
			);
			name = LandmarksUITests;
			productName = LandmarksUITests;
			productReference = ACC5496A22E0687900789B2A /* LandmarksUITests.xctest */;
			productType = "com.apple.product-type.bundle.ui-testing";
		};
/* End PBXNativeTarget section */

/* Begin PBXProject section */
		ACC5494122E0687800789B2A /* Project object */ = {
			isa = PBXProject;
			attributes = {
				LastSwiftUpdateCheck = 1100;
				LastUpgradeCheck = 1100;
				ORGANIZATIONNAME = Xin;
				TargetAttributes = {
					ACC5494822E0687800789B2A = {
						CreatedOnToolsVersion = 11.0;
					};
					ACC5495E22E0687900789B2A = {
						CreatedOnToolsVersion = 11.0;
						TestTargetID = ACC5494822E0687800789B2A;
					};
					ACC5496922E0687900789B2A = {
						CreatedOnToolsVersion = 11.0;
						TestTargetID = ACC5494822E0687800789B2A;
					};
				};
			};
			buildConfigurationList = ACC5494422E0687800789B2A /* Build configuration list for PBXProject "Landmarks" */;
			compatibilityVersion = "Xcode 9.3";
			developmentRegion = en;
			hasScannedForEncodings = 0;
			knownRegions = (
				en,
				Base,
			);
			mainGroup = ACC5494022E0687800789B2A;
			productRefGroup = ACC5494A22E0687800789B2A /* Products */;
			projectDirPath = "";
			projectRoot = "";
			targets = (
				ACC5494822E0687800789B2A /* Landmarks */,
				ACC5495E22E0687900789B2A /* LandmarksTests */,
				ACC5496922E0687900789B2A /* LandmarksUITests */,
			);
		};
/* End PBXProject section */

/* Begin PBXResourcesBuildPhase section */
		ACC5494722E0687800789B2A /* Resources */ = {
			isa = PBXResourcesBuildPhase;
			buildActionMask = 2147483647;
			files = (
				AC3C5FBD22E8402F00EB0752 /* yukon_charleyrivers.jpg in Resources */,
				ACC5495922E0687900789B2A /* LaunchScreen.storyboard in Resources */,
				ACC5495622E0687900789B2A /* Preview Assets.xcassets in Resources */,
				ACC5495322E0687900789B2A /* Assets.xcassets in Resources */,
				AC3C5FB522E8402F00EB0752 /* silversalmoncreek.jpg in Resources */,
				AC3C5FB322E8402F00EB0752 /* charleyrivers.jpg in Resources */,
				AC3C5FBE22E8402F00EB0752 /* stmarylake.jpg in Resources */,
				AC3C5FBC22E8402F00EB0752 /* chincoteague.jpg in Resources */,
				AC3C5FBB22E8402F00EB0752 /* landmarkData.json in Resources */,
				AC3C5FBF22E8402F00EB0752 /* chilkoottrail.jpg in Resources */,
				AC3C5FB622E8402F00EB0752 /* icybay.jpg in Resources */,
				AC3C5FB922E8402F00EB0752 /* twinlake.jpg in Resources */,
				AC3C5FB722E8402F00EB0752 /* lakemcdonald.jpg in Resources */,
				AC3C5FB822E8402F00EB0752 /* hiddenlake.jpg in Resources */,
				AC3C5FBA22E8402F00EB0752 /* umbagog.jpg in Resources */,
				AC3C5FB422E8402F00EB0752 /* turtlerock.jpg in Resources */,
				AC3C5FC022E8402F00EB0752 /* rainbowlake.jpg in Resources */,
			);
			runOnlyForDeploymentPostprocessing = 0;
		};
		ACC5495D22E0687900789B2A /* Resources */ = {
			isa = PBXResourcesBuildPhase;
			buildActionMask = 2147483647;
			files = (
			);
			runOnlyForDeploymentPostprocessing = 0;
		};
		ACC5496822E0687900789B2A /* Resources */ = {
			isa = PBXResourcesBuildPhase;
			buildActionMask = 2147483647;
			files = (
			);
			runOnlyForDeploymentPostprocessing = 0;
		};
/* End PBXResourcesBuildPhase section */

/* Begin PBXSourcesBuildPhase section */
		ACC5494522E0687800789B2A /* Sources */ = {
			isa = PBXSourcesBuildPhase;
			buildActionMask = 2147483647;
			files = (
				AC3C5FC822E851E000EB0752 /* HexagonParameters.swift in Sources */,
				ACC5498422E1749500789B2A /* Landmark.swift in Sources */,
				ACC5494D22E0687800789B2A /* AppDelegate.swift in Sources */,
				AC3C5FC622E8505000EB0752 /* Badge.swift in Sources */,
				ACC5497D22E071EC00789B2A /* CircleImage.swift in Sources */,
				ACC5498122E173EC00789B2A /* LandmarkRow.swift in Sources */,
				AC3C5FA122E828E500EB0752 /* LandmarkList.swift in Sources */,
				AC3C5FCC22E861AF00EB0752 /* BadgeSymbol.swift in Sources */,
				AC3C5FCE22E86D9100EB0752 /* RotatedBadgeSymbol.swift in Sources */,
				ACC5497F22E0759700789B2A /* MapView.swift in Sources */,
				AC3C5FCA22E8606700EB0752 /* BadgeBackground.swift in Sources */,
				ACC5494F22E0687800789B2A /* SceneDelegate.swift in Sources */,
				ACC5495122E0687800789B2A /* LandmarkDetail.swift in Sources */,
				AC3C5FC222E843AA00EB0752 /* UserData.swift in Sources */,
				ACC549A122E176FD00789B2A /* Data.swift in Sources */,
			);
			runOnlyForDeploymentPostprocessing = 0;
		};
		ACC5495B22E0687900789B2A /* Sources */ = {
			isa = PBXSourcesBuildPhase;
			buildActionMask = 2147483647;
			files = (
				ACC5496422E0687900789B2A /* LandmarksTests.swift in Sources */,
			);
			runOnlyForDeploymentPostprocessing = 0;
		};
		ACC5496622E0687900789B2A /* Sources */ = {
			isa = PBXSourcesBuildPhase;
			buildActionMask = 2147483647;
			files = (
				ACC5496F22E0687900789B2A /* LandmarksUITests.swift in Sources */,
			);
			runOnlyForDeploymentPostprocessing = 0;
		};
/* End PBXSourcesBuildPhase section */

/* Begin PBXTargetDependency section */
		ACC5496122E0687900789B2A /* PBXTargetDependency */ = {
			isa = PBXTargetDependency;
			target = ACC5494822E0687800789B2A /* Landmarks */;
			targetProxy = ACC5496022E0687900789B2A /* PBXContainerItemProxy */;
		};
		ACC5496C22E0687900789B2A /* PBXTargetDependency */ = {
			isa = PBXTargetDependency;
			target = ACC5494822E0687800789B2A /* Landmarks */;
			targetProxy = ACC5496B22E0687900789B2A /* PBXContainerItemProxy */;
		};
/* End PBXTargetDependency section */

/* Begin PBXVariantGroup section */
		ACC5495722E0687900789B2A /* LaunchScreen.storyboard */ = {
			isa = PBXVariantGroup;
			children = (
				ACC5495822E0687900789B2A /* Base */,
			);
			name = LaunchScreen.storyboard;
			sourceTree = "<group>";
		};
/* End PBXVariantGroup section */

/* Begin XCBuildConfiguration section */
		ACC5497122E0687900789B2A /* Debug */ = {
			isa = XCBuildConfiguration;
			buildSettings = {
				ALWAYS_SEARCH_USER_PATHS = NO;
				CLANG_ANALYZER_NONNULL = YES;
				CLANG_ANALYZER_NUMBER_OBJECT_CONVERSION = YES_AGGRESSIVE;
				CLANG_CXX_LANGUAGE_STANDARD = "gnu++14";
				CLANG_CXX_LIBRARY = "libc++";
				CLANG_ENABLE_MODULES = YES;
				CLANG_ENABLE_OBJC_ARC = YES;
				CLANG_ENABLE_OBJC_WEAK = YES;
				CLANG_WARN_BLOCK_CAPTURE_AUTORELEASING = YES;
				CLANG_WARN_BOOL_CONVERSION = YES;
				CLANG_WARN_COMMA = YES;
				CLANG_WARN_CONSTANT_CONVERSION = YES;
				CLANG_WARN_DEPRECATED_OBJC_IMPLEMENTATIONS = YES;
				CLANG_WARN_DIRECT_OBJC_ISA_USAGE = YES_ERROR;
				CLANG_WARN_DOCUMENTATION_COMMENTS = YES;
				CLANG_WARN_EMPTY_BODY = YES;
				CLANG_WARN_ENUM_CONVERSION = YES;
				CLANG_WARN_INFINITE_RECURSION = YES;
				CLANG_WARN_INT_CONVERSION = YES;
				CLANG_WARN_NON_LITERAL_NULL_CONVERSION = YES;
				CLANG_WARN_OBJC_IMPLICIT_RETAIN_SELF = YES;
				CLANG_WARN_OBJC_LITERAL_CONVERSION = YES;
				CLANG_WARN_OBJC_ROOT_CLASS = YES_ERROR;
				CLANG_WARN_RANGE_LOOP_ANALYSIS = YES;
				CLANG_WARN_STRICT_PROTOTYPES = YES;
				CLANG_WARN_SUSPICIOUS_MOVE = YES;
				CLANG_WARN_UNGUARDED_AVAILABILITY = YES_AGGRESSIVE;
				CLANG_WARN_UNREACHABLE_CODE = YES;
				CLANG_WARN__DUPLICATE_METHOD_MATCH = YES;
				COPY_PHASE_STRIP = NO;
				DEBUG_INFORMATION_FORMAT = dwarf;
				ENABLE_STRICT_OBJC_MSGSEND = YES;
				ENABLE_TESTABILITY = YES;
				GCC_C_LANGUAGE_STANDARD = gnu11;
				GCC_DYNAMIC_NO_PIC = NO;
				GCC_NO_COMMON_BLOCKS = YES;
				GCC_OPTIMIZATION_LEVEL = 0;
				GCC_PREPROCESSOR_DEFINITIONS = (
					"DEBUG=1",
					"$(inherited)",
				);
				GCC_WARN_64_TO_32_BIT_CONVERSION = YES;
				GCC_WARN_ABOUT_RETURN_TYPE = YES_ERROR;
				GCC_WARN_UNDECLARED_SELECTOR = YES;
				GCC_WARN_UNINITIALIZED_AUTOS = YES_AGGRESSIVE;
				GCC_WARN_UNUSED_FUNCTION = YES;
				GCC_WARN_UNUSED_VARIABLE = YES;
				IPHONEOS_DEPLOYMENT_TARGET = 13.0;
				MTL_ENABLE_DEBUG_INFO = INCLUDE_SOURCE;
				MTL_FAST_MATH = YES;
				ONLY_ACTIVE_ARCH = YES;
				SDKROOT = iphoneos;
				SWIFT_ACTIVE_COMPILATION_CONDITIONS = DEBUG;
				SWIFT_OPTIMIZATION_LEVEL = "-Onone";
			};
			name = Debug;
		};
		ACC5497222E0687900789B2A /* Release */ = {
			isa = XCBuildConfiguration;
			buildSettings = {
				ALWAYS_SEARCH_USER_PATHS = NO;
				CLANG_ANALYZER_NONNULL = YES;
				CLANG_ANALYZER_NUMBER_OBJECT_CONVERSION = YES_AGGRESSIVE;
				CLANG_CXX_LANGUAGE_STANDARD = "gnu++14";
				CLANG_CXX_LIBRARY = "libc++";
				CLANG_ENABLE_MODULES = YES;
				CLANG_ENABLE_OBJC_ARC = YES;
				CLANG_ENABLE_OBJC_WEAK = YES;
				CLANG_WARN_BLOCK_CAPTURE_AUTORELEASING = YES;
				CLANG_WARN_BOOL_CONVERSION = YES;
				CLANG_WARN_COMMA = YES;
				CLANG_WARN_CONSTANT_CONVERSION = YES;
				CLANG_WARN_DEPRECATED_OBJC_IMPLEMENTATIONS = YES;
				CLANG_WARN_DIRECT_OBJC_ISA_USAGE = YES_ERROR;
				CLANG_WARN_DOCUMENTATION_COMMENTS = YES;
				CLANG_WARN_EMPTY_BODY = YES;
				CLANG_WARN_ENUM_CONVERSION = YES;
				CLANG_WARN_INFINITE_RECURSION = YES;
				CLANG_WARN_INT_CONVERSION = YES;
				CLANG_WARN_NON_LITERAL_NULL_CONVERSION = YES;
				CLANG_WARN_OBJC_IMPLICIT_RETAIN_SELF = YES;
				CLANG_WARN_OBJC_LITERAL_CONVERSION = YES;
				CLANG_WARN_OBJC_ROOT_CLASS = YES_ERROR;
				CLANG_WARN_RANGE_LOOP_ANALYSIS = YES;
				CLANG_WARN_STRICT_PROTOTYPES = YES;
				CLANG_WARN_SUSPICIOUS_MOVE = YES;
				CLANG_WARN_UNGUARDED_AVAILABILITY = YES_AGGRESSIVE;
				CLANG_WARN_UNREACHABLE_CODE = YES;
				CLANG_WARN__DUPLICATE_METHOD_MATCH = YES;
				COPY_PHASE_STRIP = NO;
				DEBUG_INFORMATION_FORMAT = "dwarf-with-dsym";
				ENABLE_NS_ASSERTIONS = NO;
				ENABLE_STRICT_OBJC_MSGSEND = YES;
				GCC_C_LANGUAGE_STANDARD = gnu11;
				GCC_NO_COMMON_BLOCKS = YES;
				GCC_WARN_64_TO_32_BIT_CONVERSION = YES;
				GCC_WARN_ABOUT_RETURN_TYPE = YES_ERROR;
				GCC_WARN_UNDECLARED_SELECTOR = YES;
				GCC_WARN_UNINITIALIZED_AUTOS = YES_AGGRESSIVE;
				GCC_WARN_UNUSED_FUNCTION = YES;
				GCC_WARN_UNUSED_VARIABLE = YES;
				IPHONEOS_DEPLOYMENT_TARGET = 13.0;
				MTL_ENABLE_DEBUG_INFO = NO;
				MTL_FAST_MATH = YES;
				SDKROOT = iphoneos;
				SWIFT_COMPILATION_MODE = wholemodule;
				SWIFT_OPTIMIZATION_LEVEL = "-O";
				VALIDATE_PRODUCT = YES;
			};
			name = Release;
		};
		ACC5497422E0687900789B2A /* Debug */ = {
			isa = XCBuildConfiguration;
			buildSettings = {
				ASSETCATALOG_COMPILER_APPICON_NAME = AppIcon;
				CODE_SIGN_STYLE = Automatic;
				DEVELOPMENT_ASSET_PATHS = "Landmarks/Preview\\ Content";
				ENABLE_PREVIEWS = YES;
				INFOPLIST_FILE = Landmarks/Info.plist;
				LD_RUNPATH_SEARCH_PATHS = (
					"$(inherited)",
					"@executable_path/Frameworks",
				);
				PRODUCT_BUNDLE_IDENTIFIER = com.xin.Landmarks;
				PRODUCT_NAME = "$(TARGET_NAME)";
				SWIFT_VERSION = 5.0;
				TARGETED_DEVICE_FAMILY = "1,2";
			};
			name = Debug;
		};
		ACC5497522E0687900789B2A /* Release */ = {
			isa = XCBuildConfiguration;
			buildSettings = {
				ASSETCATALOG_COMPILER_APPICON_NAME = AppIcon;
				CODE_SIGN_STYLE = Automatic;
				DEVELOPMENT_ASSET_PATHS = "Landmarks/Preview\\ Content";
				ENABLE_PREVIEWS = YES;
				INFOPLIST_FILE = Landmarks/Info.plist;
				LD_RUNPATH_SEARCH_PATHS = (
					"$(inherited)",
					"@executable_path/Frameworks",
				);
				PRODUCT_BUNDLE_IDENTIFIER = com.xin.Landmarks;
				PRODUCT_NAME = "$(TARGET_NAME)";
				SWIFT_VERSION = 5.0;
				TARGETED_DEVICE_FAMILY = "1,2";
			};
			name = Release;
		};
		ACC5497722E0687900789B2A /* Debug */ = {
			isa = XCBuildConfiguration;
			buildSettings = {
				ALWAYS_EMBED_SWIFT_STANDARD_LIBRARIES = YES;
				BUNDLE_LOADER = "$(TEST_HOST)";
				CODE_SIGN_STYLE = Automatic;
				INFOPLIST_FILE = LandmarksTests/Info.plist;
				LD_RUNPATH_SEARCH_PATHS = (
					"$(inherited)",
					"@executable_path/Frameworks",
					"@loader_path/Frameworks",
				);
				PRODUCT_BUNDLE_IDENTIFIER = com.xin.LandmarksTests;
				PRODUCT_NAME = "$(TARGET_NAME)";
				SWIFT_VERSION = 5.0;
				TARGETED_DEVICE_FAMILY = "1,2";
				TEST_HOST = "$(BUILT_PRODUCTS_DIR)/Landmarks.app/Landmarks";
			};
			name = Debug;
		};
		ACC5497822E0687900789B2A /* Release */ = {
			isa = XCBuildConfiguration;
			buildSettings = {
				ALWAYS_EMBED_SWIFT_STANDARD_LIBRARIES = YES;
				BUNDLE_LOADER = "$(TEST_HOST)";
				CODE_SIGN_STYLE = Automatic;
				INFOPLIST_FILE = LandmarksTests/Info.plist;
				LD_RUNPATH_SEARCH_PATHS = (
					"$(inherited)",
					"@executable_path/Frameworks",
					"@loader_path/Frameworks",
				);
				PRODUCT_BUNDLE_IDENTIFIER = com.xin.LandmarksTests;
				PRODUCT_NAME = "$(TARGET_NAME)";
				SWIFT_VERSION = 5.0;
				TARGETED_DEVICE_FAMILY = "1,2";
				TEST_HOST = "$(BUILT_PRODUCTS_DIR)/Landmarks.app/Landmarks";
			};
			name = Release;
		};
		ACC5497A22E0687900789B2A /* Debug */ = {
			isa = XCBuildConfiguration;
			buildSettings = {
				ALWAYS_EMBED_SWIFT_STANDARD_LIBRARIES = YES;
				CODE_SIGN_STYLE = Automatic;
				INFOPLIST_FILE = LandmarksUITests/Info.plist;
				LD_RUNPATH_SEARCH_PATHS = (
					"$(inherited)",
					"@executable_path/Frameworks",
					"@loader_path/Frameworks",
				);
				PRODUCT_BUNDLE_IDENTIFIER = com.xin.LandmarksUITests;
				PRODUCT_NAME = "$(TARGET_NAME)";
				SWIFT_VERSION = 5.0;
				TARGETED_DEVICE_FAMILY = "1,2";
				TEST_TARGET_NAME = Landmarks;
			};
			name = Debug;
		};
		ACC5497B22E0687900789B2A /* Release */ = {
			isa = XCBuildConfiguration;
			buildSettings = {
				ALWAYS_EMBED_SWIFT_STANDARD_LIBRARIES = YES;
				CODE_SIGN_STYLE = Automatic;
				INFOPLIST_FILE = LandmarksUITests/Info.plist;
				LD_RUNPATH_SEARCH_PATHS = (
					"$(inherited)",
					"@executable_path/Frameworks",
					"@loader_path/Frameworks",
				);
				PRODUCT_BUNDLE_IDENTIFIER = com.xin.LandmarksUITests;
				PRODUCT_NAME = "$(TARGET_NAME)";
				SWIFT_VERSION = 5.0;
				TARGETED_DEVICE_FAMILY = "1,2";
				TEST_TARGET_NAME = Landmarks;
			};
			name = Release;
		};
/* End XCBuildConfiguration section */

/* Begin XCConfigurationList section */
		ACC5494422E0687800789B2A /* Build configuration list for PBXProject "Landmarks" */ = {
			isa = XCConfigurationList;
			buildConfigurations = (
				ACC5497122E0687900789B2A /* Debug */,
				ACC5497222E0687900789B2A /* Release */,
			);
			defaultConfigurationIsVisible = 0;
			defaultConfigurationName = Release;
		};
		ACC5497322E0687900789B2A /* Build configuration list for PBXNativeTarget "Landmarks" */ = {
			isa = XCConfigurationList;
			buildConfigurations = (
				ACC5497422E0687900789B2A /* Debug */,
				ACC5497522E0687900789B2A /* Release */,
			);
			defaultConfigurationIsVisible = 0;
			defaultConfigurationName = Release;
		};
		ACC5497622E0687900789B2A /* Build configuration list for PBXNativeTarget "LandmarksTests" */ = {
			isa = XCConfigurationList;
			buildConfigurations = (
				ACC5497722E0687900789B2A /* Debug */,
				ACC5497822E0687900789B2A /* Release */,
			);
			defaultConfigurationIsVisible = 0;
			defaultConfigurationName = Release;
		};
		ACC5497922E0687900789B2A /* Build configuration list for PBXNativeTarget "LandmarksUITests" */ = {
			isa = XCConfigurationList;
			buildConfigurations = (
				ACC5497A22E0687900789B2A /* Debug */,
				ACC5497B22E0687900789B2A /* Release */,
			);
			defaultConfigurationIsVisible = 0;
			defaultConfigurationName = Release;
		};
/* End XCConfigurationList section */
	};
	rootObject = ACC5494122E0687800789B2A /* Project object */;
}
